<?xml version="1.0" encoding="utf-8"?>
<Project ToolsVersion="4.0" xmlns="http://schemas.microsoft.com/developer/msbuild/2003">
  <ItemGroup>
    <Filter Include="Source Files">
      <UniqueIdentifier>{4FC737F1-C7A5-4376-A066-2A32D752A2FF}</UniqueIdentifier>
      <Extensions>cpp;c;cc;cxx;def;odl;idl;hpj;bat;asm;asmx</Extensions>
    </Filter>
    <Filter Include="Header Files">
      <UniqueIdentifier>{93995380-89BD-4b04-88EB-625FBE52EBFB}</UniqueIdentifier>
      <Extensions>h;hh;hpp;hxx;hm;inl;inc;xsd</Extensions>
    </Filter>
    <Filter Include="Resource Files">
      <UniqueIdentifier>{67DA6AB6-F800-4c08-8B7A-83BB121AAD01}</UniqueIdentifier>
      <Extensions>rc;ico;cur;bmp;dlg;rc2;rct;bin;rgs;gif;jpg;jpeg;jpe;resx;tiff;tif;png;wav;mfcribbon-ms</Extensions>
    </Filter>
    <Filter Include="vp8">
      <UniqueIdentifier>{b7af4696-bbff-48d8-88cf-4aae1b8602db}</UniqueIdentifier>
    </Filter>
    <Filter Include="vp9">
      <UniqueIdentifier>{d0b20b07-3980-4225-b866-c19e81761dbf}</UniqueIdentifier>
    </Filter>
    <Filter Include="vpx">
      <UniqueIdentifier>{ec511bea-03da-44f5-803e-ce423bc5e70a}</UniqueIdentifier>
    </Filter>
    <Filter Include="vpx_dsp">
      <UniqueIdentifier>{cf958960-b1e8-4cb3-af38-4cd993e646b5}</UniqueIdentifier>
    </Filter>
    <Filter Include="vpx_mem">
      <UniqueIdentifier>{85e7d1c4-7fd9-4795-be46-e4189416c472}</UniqueIdentifier>
    </Filter>
    <Filter Include="vpx_ports">
      <UniqueIdentifier>{64d9b275-69a6-46b4-8d9a-a6c300b19fcb}</UniqueIdentifier>
    </Filter>
    <Filter Include="vpx_scale">
      <UniqueIdentifier>{ed008042-96e1-43b3-84ac-30d5f7ceb2ee}</UniqueIdentifier>
    </Filter>
    <Filter Include="vpx_util">
      <UniqueIdentifier>{27298c43-04dd-4063-ace5-eb5d8a18da18}</UniqueIdentifier>
    </Filter>
    <Filter Include="vp8\common">
      <UniqueIdentifier>{5c7fde99-3b9e-4030-a8b5-c017dddb8259}</UniqueIdentifier>
    </Filter>
    <Filter Include="vp8\common\x86">
      <UniqueIdentifier>{cd0dda09-ac8e-46bb-afac-5331599809d0}</UniqueIdentifier>
    </Filter>
    <Filter Include="vp8\decoder">
      <UniqueIdentifier>{6835dc7e-3e31-4453-a27d-db1fb82c5ec1}</UniqueIdentifier>
    </Filter>
    <Filter Include="vp8\encoder">
      <UniqueIdentifier>{df0cd0a8-533b-46a0-a770-a67a5a6d8ded}</UniqueIdentifier>
    </Filter>
    <Filter Include="vp9\common">
      <UniqueIdentifier>{e78fe739-15c8-47d7-8b1c-e658c300d0ce}</UniqueIdentifier>
    </Filter>
    <Filter Include="vp9\decoder">
      <UniqueIdentifier>{84d0a172-1220-4848-a80f-a2246265f302}</UniqueIdentifier>
    </Filter>
    <Filter Include="vp9\encoder">
      <UniqueIdentifier>{b4fd9cb1-0912-4165-8c7c-7cd1b44e3a07}</UniqueIdentifier>
    </Filter>
    <Filter Include="vpx\internal">
      <UniqueIdentifier>{294c50ed-b16b-40f6-928a-ba44022eac89}</UniqueIdentifier>
    </Filter>
    <Filter Include="vpx\src">
      <UniqueIdentifier>{a73f4635-c84c-4ec1-9022-56343eefaa2d}</UniqueIdentifier>
    </Filter>
    <Filter Include="vpx_dsp\x86">
      <UniqueIdentifier>{bf8faed6-f422-4bfd-9e9e-b3a4682f7b01}</UniqueIdentifier>
    </Filter>
    <Filter Include="vpx_scale\generic">
      <UniqueIdentifier>{916fe662-1531-4171-9ffb-eb6147124244}</UniqueIdentifier>
    </Filter>
    <Filter Include="vp9\encoder\x86">
      <UniqueIdentifier>{00cf6a7a-b292-4e12-9bce-b6fde62df3e7}</UniqueIdentifier>
    </Filter>
    <Filter Include="vp8\encoder\x86">
      <UniqueIdentifier>{5b75ced0-e9bf-4f1c-898f-d863c003a2ed}</UniqueIdentifier>
    </Filter>
    <Filter Include="vp9\common\x86">
      <UniqueIdentifier>{d36c102b-2294-420c-8430-f233da64a4a0}</UniqueIdentifier>
    </Filter>
    <Filter Include="asm">
      <UniqueIdentifier>{69457aa4-0241-49ed-9ced-b7f670881295}</UniqueIdentifier>
    </Filter>
    <Filter Include="vp8\common\generic">
      <UniqueIdentifier>{72417297-46f9-4523-b265-8373a9180ec0}</UniqueIdentifier>
    </Filter>
  </ItemGroup>
  <ItemGroup>
    <ClCompile Include="..\..\source\libvpx\vp8\common\alloccommon.c">
      <Filter>vp8\common</Filter>
    </ClCompile>
    <ClCompile Include="..\..\source\libvpx\vp8\common\blockd.c">
      <Filter>vp8\common</Filter>
    </ClCompile>
    <ClCompile Include="..\..\source\libvpx\vp8\common\copy_c.c">
      <Filter>vp8\common</Filter>
    </ClCompile>
    <ClCompile Include="..\..\source\libvpx\vp8\common\debugmodes.c">
      <Filter>vp8\common</Filter>
    </ClCompile>
    <ClCompile Include="..\..\source\libvpx\vp8\common\dequantize.c">
      <Filter>vp8\common</Filter>
    </ClCompile>
    <ClCompile Include="..\..\source\libvpx\vp8\common\entropy.c">
      <Filter>vp8\common</Filter>
    </ClCompile>
    <ClCompile Include="..\..\source\libvpx\vp8\common\entropymode.c">
      <Filter>vp8\common</Filter>
    </ClCompile>
    <ClCompile Include="..\..\source\libvpx\vp8\common\entropymv.c">
      <Filter>vp8\common</Filter>
    </ClCompile>
    <ClCompile Include="..\..\source\libvpx\vp8\common\extend.c">
      <Filter>vp8\common</Filter>
    </ClCompile>
    <ClCompile Include="..\..\source\libvpx\vp8\common\filter.c">
      <Filter>vp8\common</Filter>
    </ClCompile>
    <ClCompile Include="..\..\source\libvpx\vp8\common\findnearmv.c">
      <Filter>vp8\common</Filter>
    </ClCompile>
    <ClCompile Include="..\..\source\libvpx\vp8\common\idct_blk.c">
      <Filter>vp8\common</Filter>
    </ClCompile>
    <ClCompile Include="..\..\source\libvpx\vp8\common\idctllm.c">
      <Filter>vp8\common</Filter>
    </ClCompile>
    <ClCompile Include="..\..\source\libvpx\vp8\common\loopfilter_filters.c">
      <Filter>vp8\common</Filter>
    </ClCompile>
    <ClCompile Include="..\..\source\libvpx\vp8\common\mbpitch.c">
      <Filter>vp8\common</Filter>
    </ClCompile>
    <ClCompile Include="..\..\source\libvpx\vp8\common\mfqe.c">
      <Filter>vp8\common</Filter>
    </ClCompile>
    <ClCompile Include="..\..\source\libvpx\vp8\common\modecont.c">
      <Filter>vp8\common</Filter>
    </ClCompile>
    <ClCompile Include="..\..\source\libvpx\vp8\common\postproc.c">
      <Filter>vp8\common</Filter>
    </ClCompile>
    <ClCompile Include="..\..\source\libvpx\vp8\common\quant_common.c">
      <Filter>vp8\common</Filter>
    </ClCompile>
    <ClCompile Include="..\..\source\libvpx\vp8\common\reconinter.c">
      <Filter>vp8\common</Filter>
    </ClCompile>
    <ClCompile Include="..\..\source\libvpx\vp8\common\reconintra.c">
      <Filter>vp8\common</Filter>
    </ClCompile>
    <ClCompile Include="..\..\source\libvpx\vp8\common\reconintra4x4.c">
      <Filter>vp8\common</Filter>
    </ClCompile>
    <ClCompile Include="..\..\source\libvpx\vp8\common\rtcd.c">
      <Filter>vp8\common</Filter>
    </ClCompile>
    <ClCompile Include="..\..\source\libvpx\vp8\common\setupintrarecon.c">
      <Filter>vp8\common</Filter>
    </ClCompile>
    <ClCompile Include="..\..\source\libvpx\vp8\common\swapyv12buffer.c">
      <Filter>vp8\common</Filter>
    </ClCompile>
    <ClCompile Include="..\..\source\libvpx\vp8\common\treecoder.c">
      <Filter>vp8\common</Filter>
    </ClCompile>
    <ClCompile Include="..\..\source\libvpx\vp8\common\vp8_loopfilter.c">
      <Filter>vp8\common</Filter>
    </ClCompile>
    <ClCompile Include="..\..\source\libvpx\vp8\common\x86\filter_x86.c">
      <Filter>vp8\common\x86</Filter>
    </ClCompile>
    <ClCompile Include="..\..\source\libvpx\vp8\common\x86\loopfilter_x86.c">
      <Filter>vp8\common\x86</Filter>
    </ClCompile>
    <ClCompile Include="..\..\source\libvpx\vp8\common\x86\vp8_asm_stubs.c">
      <Filter>vp8\common\x86</Filter>
    </ClCompile>
    <ClCompile Include="..\..\source\libvpx\vp8\decoder\dboolhuff.c">
      <Filter>vp8\decoder</Filter>
    </ClCompile>
    <ClCompile Include="..\..\source\libvpx\vp8\decoder\decodeframe.c">
      <Filter>vp8\decoder</Filter>
    </ClCompile>
    <ClCompile Include="..\..\source\libvpx\vp8\decoder\decodemv.c">
      <Filter>vp8\decoder</Filter>
    </ClCompile>
    <ClCompile Include="..\..\source\libvpx\vp8\decoder\detokenize.c">
      <Filter>vp8\decoder</Filter>
    </ClCompile>
    <ClCompile Include="..\..\source\libvpx\vp8\decoder\onyxd_if.c">
      <Filter>vp8\decoder</Filter>
    </ClCompile>
    <ClCompile Include="..\..\source\libvpx\vp8\decoder\threading.c">
      <Filter>vp8\decoder</Filter>
    </ClCompile>
    <ClCompile Include="..\..\source\libvpx\vp8\encoder\bitstream.c">
      <Filter>vp8\encoder</Filter>
    </ClCompile>
    <ClCompile Include="..\..\source\libvpx\vp8\encoder\boolhuff.c">
      <Filter>vp8\encoder</Filter>
    </ClCompile>
    <ClCompile Include="..\..\source\libvpx\vp8\encoder\dct.c">
      <Filter>vp8\encoder</Filter>
    </ClCompile>
    <ClCompile Include="..\..\source\libvpx\vp8\encoder\denoising.c">
      <Filter>vp8\encoder</Filter>
    </ClCompile>
    <ClCompile Include="..\..\source\libvpx\vp8\encoder\encodeframe.c">
      <Filter>vp8\encoder</Filter>
    </ClCompile>
    <ClCompile Include="..\..\source\libvpx\vp8\encoder\encodeintra.c">
      <Filter>vp8\encoder</Filter>
    </ClCompile>
    <ClCompile Include="..\..\source\libvpx\vp8\encoder\encodemb.c">
      <Filter>vp8\encoder</Filter>
    </ClCompile>
    <ClCompile Include="..\..\source\libvpx\vp8\encoder\encodemv.c">
      <Filter>vp8\encoder</Filter>
    </ClCompile>
    <ClCompile Include="..\..\source\libvpx\vp8\encoder\ethreading.c">
      <Filter>vp8\encoder</Filter>
    </ClCompile>
    <ClCompile Include="..\..\source\libvpx\vp8\encoder\lookahead.c">
      <Filter>vp8\encoder</Filter>
    </ClCompile>
    <ClCompile Include="..\..\source\libvpx\vp8\encoder\mcomp.c">
      <Filter>vp8\encoder</Filter>
    </ClCompile>
    <ClCompile Include="..\..\source\libvpx\vp8\encoder\modecosts.c">
      <Filter>vp8\encoder</Filter>
    </ClCompile>
    <ClCompile Include="..\..\source\libvpx\vp8\encoder\onyx_if.c">
      <Filter>vp8\encoder</Filter>
    </ClCompile>
    <ClCompile Include="..\..\source\libvpx\vp8\encoder\pickinter.c">
      <Filter>vp8\encoder</Filter>
    </ClCompile>
    <ClCompile Include="..\..\source\libvpx\vp8\encoder\picklpf.c">
      <Filter>vp8\encoder</Filter>
    </ClCompile>
    <ClCompile Include="..\..\source\libvpx\vp8\encoder\ratectrl.c">
      <Filter>vp8\encoder</Filter>
    </ClCompile>
    <ClCompile Include="..\..\source\libvpx\vp8\encoder\rdopt.c">
      <Filter>vp8\encoder</Filter>
    </ClCompile>
    <ClCompile Include="..\..\source\libvpx\vp8\encoder\segmentation.c">
      <Filter>vp8\encoder</Filter>
    </ClCompile>
    <ClCompile Include="..\..\source\libvpx\vp8\encoder\tokenize.c">
      <Filter>vp8\encoder</Filter>
    </ClCompile>
    <ClCompile Include="..\..\source\libvpx\vp8\encoder\treewriter.c">
      <Filter>vp8\encoder</Filter>
    </ClCompile>
    <ClCompile Include="..\..\source\libvpx\vp8\encoder\vp8_quantize.c">
      <Filter>vp8\encoder</Filter>
    </ClCompile>
    <ClCompile Include="..\..\source\libvpx\vp8\vp8_cx_iface.c">
      <Filter>vp8</Filter>
    </ClCompile>
    <ClCompile Include="..\..\source\libvpx\vp8\vp8_dx_iface.c">
      <Filter>vp8</Filter>
    </ClCompile>
    <ClCompile Include="..\..\source\libvpx\vp9\common\vp9_alloccommon.c">
      <Filter>vp9\common</Filter>
    </ClCompile>
    <ClCompile Include="..\..\source\libvpx\vp9\common\vp9_blockd.c">
      <Filter>vp9\common</Filter>
    </ClCompile>
    <ClCompile Include="..\..\source\libvpx\vp9\common\vp9_common_data.c">
      <Filter>vp9\common</Filter>
    </ClCompile>
    <ClCompile Include="..\..\source\libvpx\vp9\common\vp9_debugmodes.c">
      <Filter>vp9\common</Filter>
    </ClCompile>
    <ClCompile Include="..\..\source\libvpx\vp9\common\vp9_entropy.c">
      <Filter>vp9\common</Filter>
    </ClCompile>
    <ClCompile Include="..\..\source\libvpx\vp9\common\vp9_entropymode.c">
      <Filter>vp9\common</Filter>
    </ClCompile>
    <ClCompile Include="..\..\source\libvpx\vp9\common\vp9_entropymv.c">
      <Filter>vp9\common</Filter>
    </ClCompile>
    <ClCompile Include="..\..\source\libvpx\vp9\common\vp9_filter.c">
      <Filter>vp9\common</Filter>
    </ClCompile>
    <ClCompile Include="..\..\source\libvpx\vp9\common\vp9_frame_buffers.c">
      <Filter>vp9\common</Filter>
    </ClCompile>
    <ClCompile Include="..\..\source\libvpx\vp9\common\vp9_idct.c">
      <Filter>vp9\common</Filter>
    </ClCompile>
    <ClCompile Include="..\..\source\libvpx\vp9\common\vp9_loopfilter.c">
      <Filter>vp9\common</Filter>
    </ClCompile>
    <ClCompile Include="..\..\source\libvpx\vp9\common\vp9_mvref_common.c">
      <Filter>vp9\common</Filter>
    </ClCompile>
    <ClCompile Include="..\..\source\libvpx\vp9\common\vp9_postproc.c">
      <Filter>vp9\common</Filter>
    </ClCompile>
    <ClCompile Include="..\..\source\libvpx\vp9\common\vp9_pred_common.c">
      <Filter>vp9\common</Filter>
    </ClCompile>
    <ClCompile Include="..\..\source\libvpx\vp9\common\vp9_quant_common.c">
      <Filter>vp9\common</Filter>
    </ClCompile>
    <ClCompile Include="..\..\source\libvpx\vp9\common\vp9_reconinter.c">
      <Filter>vp9\common</Filter>
    </ClCompile>
    <ClCompile Include="..\..\source\libvpx\vp9\common\vp9_reconintra.c">
      <Filter>vp9\common</Filter>
    </ClCompile>
    <ClCompile Include="..\..\source\libvpx\vp9\common\vp9_rtcd.c">
      <Filter>vp9\common</Filter>
    </ClCompile>
    <ClCompile Include="..\..\source\libvpx\vp9\common\vp9_scale.c">
      <Filter>vp9\common</Filter>
    </ClCompile>
    <ClCompile Include="..\..\source\libvpx\vp9\common\vp9_scan.c">
      <Filter>vp9\common</Filter>
    </ClCompile>
    <ClCompile Include="..\..\source\libvpx\vp9\common\vp9_seg_common.c">
      <Filter>vp9\common</Filter>
    </ClCompile>
    <ClCompile Include="..\..\source\libvpx\vp9\common\vp9_thread_common.c">
      <Filter>vp9\common</Filter>
    </ClCompile>
    <ClCompile Include="..\..\source\libvpx\vp9\common\vp9_tile_common.c">
      <Filter>vp9\common</Filter>
    </ClCompile>
    <ClCompile Include="..\..\source\libvpx\vp9\decoder\vp9_decodeframe.c">
      <Filter>vp9\decoder</Filter>
    </ClCompile>
    <ClCompile Include="..\..\source\libvpx\vp9\decoder\vp9_decodemv.c">
      <Filter>vp9\decoder</Filter>
    </ClCompile>
    <ClCompile Include="..\..\source\libvpx\vp9\decoder\vp9_decoder.c">
      <Filter>vp9\decoder</Filter>
    </ClCompile>
    <ClCompile Include="..\..\source\libvpx\vp9\decoder\vp9_detokenize.c">
      <Filter>vp9\decoder</Filter>
    </ClCompile>
    <ClCompile Include="..\..\source\libvpx\vp9\decoder\vp9_dsubexp.c">
      <Filter>vp9\decoder</Filter>
    </ClCompile>
    <ClCompile Include="..\..\source\libvpx\vp9\encoder\vp9_aq_360.c">
      <Filter>vp9\encoder</Filter>
    </ClCompile>
    <ClCompile Include="..\..\source\libvpx\vp9\encoder\vp9_aq_complexity.c">
      <Filter>vp9\encoder</Filter>
    </ClCompile>
    <ClCompile Include="..\..\source\libvpx\vp9\encoder\vp9_aq_cyclicrefresh.c">
      <Filter>vp9\encoder</Filter>
    </ClCompile>
    <ClCompile Include="..\..\source\libvpx\vp9\encoder\vp9_aq_variance.c">
      <Filter>vp9\encoder</Filter>
    </ClCompile>
    <ClCompile Include="..\..\source\libvpx\vp9\encoder\vp9_bitstream.c">
      <Filter>vp9\encoder</Filter>
    </ClCompile>
    <ClCompile Include="..\..\source\libvpx\vp9\encoder\vp9_blockiness.c">
      <Filter>vp9\encoder</Filter>
    </ClCompile>
    <ClCompile Include="..\..\source\libvpx\vp9\encoder\vp9_context_tree.c">
      <Filter>vp9\encoder</Filter>
    </ClCompile>
    <ClCompile Include="..\..\source\libvpx\vp9\encoder\vp9_cost.c">
      <Filter>vp9\encoder</Filter>
    </ClCompile>
    <ClCompile Include="..\..\source\libvpx\vp9\encoder\vp9_dct.c">
      <Filter>vp9\encoder</Filter>
    </ClCompile>
    <ClCompile Include="..\..\source\libvpx\vp9\encoder\vp9_encodeframe.c">
      <Filter>vp9\encoder</Filter>
    </ClCompile>
    <ClCompile Include="..\..\source\libvpx\vp9\encoder\vp9_encodemb.c">
      <Filter>vp9\encoder</Filter>
    </ClCompile>
    <ClCompile Include="..\..\source\libvpx\vp9\encoder\vp9_encodemv.c">
      <Filter>vp9\encoder</Filter>
    </ClCompile>
    <ClCompile Include="..\..\source\libvpx\vp9\encoder\vp9_encoder.c">
      <Filter>vp9\encoder</Filter>
    </ClCompile>
    <ClCompile Include="..\..\source\libvpx\vp9\encoder\vp9_ethread.c">
      <Filter>vp9\encoder</Filter>
    </ClCompile>
    <ClCompile Include="..\..\source\libvpx\vp9\encoder\vp9_extend.c">
      <Filter>vp9\encoder</Filter>
    </ClCompile>
    <ClCompile Include="..\..\source\libvpx\vp9\encoder\vp9_firstpass.c">
      <Filter>vp9\encoder</Filter>
    </ClCompile>
    <ClCompile Include="..\..\source\libvpx\vp9\encoder\vp9_lookahead.c">
      <Filter>vp9\encoder</Filter>
    </ClCompile>
    <ClCompile Include="..\..\source\libvpx\vp9\encoder\vp9_mbgraph.c">
      <Filter>vp9\encoder</Filter>
    </ClCompile>
    <ClCompile Include="..\..\source\libvpx\vp9\encoder\vp9_mcomp.c">
      <Filter>vp9\encoder</Filter>
    </ClCompile>
    <ClCompile Include="..\..\source\libvpx\vp9\encoder\vp9_noise_estimate.c">
      <Filter>vp9\encoder</Filter>
    </ClCompile>
    <ClCompile Include="..\..\source\libvpx\vp9\encoder\vp9_picklpf.c">
      <Filter>vp9\encoder</Filter>
    </ClCompile>
    <ClCompile Include="..\..\source\libvpx\vp9\encoder\vp9_pickmode.c">
      <Filter>vp9\encoder</Filter>
    </ClCompile>
    <ClCompile Include="..\..\source\libvpx\vp9\encoder\vp9_quantize.c">
      <Filter>vp9\encoder</Filter>
    </ClCompile>
    <ClCompile Include="..\..\source\libvpx\vp9\encoder\vp9_ratectrl.c">
      <Filter>vp9\encoder</Filter>
    </ClCompile>
    <ClCompile Include="..\..\source\libvpx\vp9\encoder\vp9_rd.c">
      <Filter>vp9\encoder</Filter>
    </ClCompile>
    <ClCompile Include="..\..\source\libvpx\vp9\encoder\vp9_rdopt.c">
      <Filter>vp9\encoder</Filter>
    </ClCompile>
    <ClCompile Include="..\..\source\libvpx\vp9\encoder\vp9_resize.c">
      <Filter>vp9\encoder</Filter>
    </ClCompile>
    <ClCompile Include="..\..\source\libvpx\vp9\encoder\vp9_segmentation.c">
      <Filter>vp9\encoder</Filter>
    </ClCompile>
    <ClCompile Include="..\..\source\libvpx\vp9\encoder\vp9_skin_detection.c">
      <Filter>vp9\encoder</Filter>
    </ClCompile>
    <ClCompile Include="..\..\source\libvpx\vp9\encoder\vp9_speed_features.c">
      <Filter>vp9\encoder</Filter>
    </ClCompile>
    <ClCompile Include="..\..\source\libvpx\vp9\encoder\vp9_subexp.c">
      <Filter>vp9\encoder</Filter>
    </ClCompile>
    <ClCompile Include="..\..\source\libvpx\vp9\encoder\vp9_svc_layercontext.c">
      <Filter>vp9\encoder</Filter>
    </ClCompile>
    <ClCompile Include="..\..\source\libvpx\vp9\encoder\vp9_temporal_filter.c">
      <Filter>vp9\encoder</Filter>
    </ClCompile>
    <ClCompile Include="..\..\source\libvpx\vp9\encoder\vp9_tokenize.c">
      <Filter>vp9\encoder</Filter>
    </ClCompile>
    <ClCompile Include="..\..\source\libvpx\vp9\encoder\vp9_treewriter.c">
      <Filter>vp9\encoder</Filter>
    </ClCompile>
    <ClCompile Include="..\..\source\libvpx\vp9\vp9_cx_iface.c">
      <Filter>vp9</Filter>
    </ClCompile>
    <ClCompile Include="..\..\source\libvpx\vp9\vp9_dx_iface.c">
      <Filter>vp9</Filter>
    </ClCompile>
    <ClCompile Include="..\..\source\libvpx\vpx\src\vpx_codec.c">
      <Filter>vpx\src</Filter>
    </ClCompile>
    <ClCompile Include="..\..\source\libvpx\vpx\src\vpx_decoder.c">
      <Filter>vpx\src</Filter>
    </ClCompile>
    <ClCompile Include="..\..\source\libvpx\vpx\src\vpx_encoder.c">
      <Filter>vpx\src</Filter>
    </ClCompile>
    <ClCompile Include="..\..\source\libvpx\vpx\src\vpx_image.c">
      <Filter>vpx\src</Filter>
    </ClCompile>
    <ClCompile Include="..\..\source\libvpx\vpx_dsp\avg.c">
      <Filter>vpx_dsp</Filter>
    </ClCompile>
    <ClCompile Include="..\..\source\libvpx\vpx_dsp\bitreader.c">
      <Filter>vpx_dsp</Filter>
    </ClCompile>
    <ClCompile Include="..\..\source\libvpx\vpx_dsp\bitreader_buffer.c">
      <Filter>vpx_dsp</Filter>
    </ClCompile>
    <ClCompile Include="..\..\source\libvpx\vpx_dsp\bitwriter.c">
      <Filter>vpx_dsp</Filter>
    </ClCompile>
    <ClCompile Include="..\..\source\libvpx\vpx_dsp\bitwriter_buffer.c">
      <Filter>vpx_dsp</Filter>
    </ClCompile>
    <ClCompile Include="..\..\source\libvpx\vpx_dsp\fwd_txfm.c">
      <Filter>vpx_dsp</Filter>
    </ClCompile>
    <ClCompile Include="..\..\source\libvpx\vpx_dsp\intrapred.c">
      <Filter>vpx_dsp</Filter>
    </ClCompile>
    <ClCompile Include="..\..\source\libvpx\vpx_dsp\inv_txfm.c">
      <Filter>vpx_dsp</Filter>
    </ClCompile>
    <ClCompile Include="..\..\source\libvpx\vpx_dsp\loopfilter.c">
      <Filter>vpx_dsp</Filter>
    </ClCompile>
    <ClCompile Include="..\..\source\libvpx\vpx_dsp\prob.c">
      <Filter>vpx_dsp</Filter>
    </ClCompile>
    <ClCompile Include="..\..\source\libvpx\vpx_dsp\quantize.c">
      <Filter>vpx_dsp</Filter>
    </ClCompile>
    <ClCompile Include="..\..\source\libvpx\vpx_dsp\sad.c">
      <Filter>vpx_dsp</Filter>
    </ClCompile>
    <ClCompile Include="..\..\source\libvpx\vpx_dsp\subtract.c">
      <Filter>vpx_dsp</Filter>
    </ClCompile>
    <ClCompile Include="..\..\source\libvpx\vpx_dsp\variance.c">
      <Filter>vpx_dsp</Filter>
    </ClCompile>
    <ClCompile Include="..\..\source\libvpx\vpx_dsp\vpx_convolve.c">
      <Filter>vpx_dsp</Filter>
    </ClCompile>
    <ClCompile Include="..\..\source\libvpx\vpx_dsp\vpx_dsp_rtcd.c">
      <Filter>vpx_dsp</Filter>
    </ClCompile>
    <ClCompile Include="..\..\source\libvpx\vpx_dsp\x86\vpx_asm_stubs.c">
      <Filter>vpx_dsp\x86</Filter>
    </ClCompile>
    <ClCompile Include="..\..\source\libvpx\vpx_mem\vpx_mem.c">
      <Filter>vpx_mem</Filter>
    </ClCompile>
    <ClCompile Include="..\..\source\libvpx\vpx_scale\generic\gen_scalers.c">
      <Filter>vpx_scale\generic</Filter>
    </ClCompile>
    <ClCompile Include="..\..\source\libvpx\vpx_scale\generic\vpx_scale.c">
      <Filter>vpx_scale\generic</Filter>
    </ClCompile>
    <ClCompile Include="..\..\source\libvpx\vpx_scale\generic\yv12config.c">
      <Filter>vpx_scale\generic</Filter>
    </ClCompile>
    <ClCompile Include="..\..\source\libvpx\vpx_scale\generic\yv12extend.c">
      <Filter>vpx_scale\generic</Filter>
    </ClCompile>
    <ClCompile Include="..\..\source\libvpx\vpx_scale\vpx_scale_rtcd.c">
      <Filter>vpx_scale</Filter>
    </ClCompile>
    <ClCompile Include="..\..\source\libvpx\vpx_util\vpx_thread.c">
      <Filter>vpx_util</Filter>
    </ClCompile>
    <ClCompile Include="..\..\source\libvpx\vp9\encoder\x86\vp9_diamond_search_sad_avx.c">
      <Filter>vp9\encoder\x86</Filter>
    </ClCompile>
    <ClCompile Include="..\..\source\libvpx\vpx_dsp\x86\fwd_txfm_avx2.c">
      <Filter>vpx_dsp\x86</Filter>
    </ClCompile>
    <ClCompile Include="..\..\source\libvpx\vpx_dsp\x86\loopfilter_avx2.c">
      <Filter>vpx_dsp\x86</Filter>
    </ClCompile>
    <ClCompile Include="..\..\source\libvpx\vpx_dsp\x86\sad_avx2.c">
      <Filter>vpx_dsp\x86</Filter>
    </ClCompile>
    <ClCompile Include="..\..\source\libvpx\vpx_dsp\x86\sad4d_avx2.c">
      <Filter>vpx_dsp\x86</Filter>
    </ClCompile>
    <ClCompile Include="..\..\source\libvpx\vpx_dsp\x86\variance_avx2.c">
      <Filter>vpx_dsp\x86</Filter>
    </ClCompile>
    <ClCompile Include="..\..\source\libvpx\vpx_dsp\x86\variance_impl_avx2.c">
      <Filter>vpx_dsp\x86</Filter>
    </ClCompile>
    <ClCompile Include="..\..\source\libvpx\vpx_dsp\x86\vpx_subpixel_8t_intrin_avx2.c">
      <Filter>vpx_dsp\x86</Filter>
    </ClCompile>
    <ClCompile Include="..\..\source\libvpx\vp8\common\x86\idct_blk_mmx.c">
      <Filter>vp8\common\x86</Filter>
    </ClCompile>
    <ClCompile Include="..\..\source\libvpx\vp8\common\x86\idct_blk_sse2.c">
      <Filter>vp8\common\x86</Filter>
    </ClCompile>
    <ClCompile Include="..\..\source\libvpx\vp8\encoder\x86\denoising_sse2.c">
      <Filter>vp8\encoder\x86</Filter>
    </ClCompile>
    <ClCompile Include="..\..\source\libvpx\vp8\encoder\x86\vp8_enc_stubs_sse2.c">
      <Filter>vp8\encoder\x86</Filter>
    </ClCompile>
    <ClCompile Include="..\..\source\libvpx\vp8\encoder\x86\vp8_quantize_sse2.c">
      <Filter>vp8\encoder\x86</Filter>
    </ClCompile>
    <ClCompile Include="..\..\source\libvpx\vp9\common\x86\vp9_idct_intrin_sse2.c">
      <Filter>vp9\common\x86</Filter>
    </ClCompile>
    <ClCompile Include="..\..\source\libvpx\vp9\encoder\x86\vp9_denoiser_sse2.c">
      <Filter>vp9\encoder\x86</Filter>
    </ClCompile>
    <ClCompile Include="..\..\source\libvpx\vp9\encoder\x86\vp9_quantize_sse2.c">
      <Filter>vp9\encoder\x86</Filter>
    </ClCompile>
    <ClCompile Include="..\..\source\libvpx\vpx_dsp\x86\avg_intrin_sse2.c">
      <Filter>vpx_dsp\x86</Filter>
    </ClCompile>
    <ClCompile Include="..\..\source\libvpx\vpx_dsp\x86\fwd_txfm_sse2.c">
      <Filter>vpx_dsp\x86</Filter>
    </ClCompile>
    <ClCompile Include="..\..\source\libvpx\vpx_dsp\x86\inv_txfm_sse2.c">
      <Filter>vpx_dsp\x86</Filter>
    </ClCompile>
    <ClCompile Include="..\..\source\libvpx\vpx_dsp\x86\loopfilter_sse2.c">
      <Filter>vpx_dsp\x86</Filter>
    </ClCompile>
    <ClCompile Include="..\..\source\libvpx\vpx_dsp\x86\quantize_sse2.c">
      <Filter>vpx_dsp\x86</Filter>
    </ClCompile>
    <ClCompile Include="..\..\source\libvpx\vpx_dsp\x86\variance_sse2.c">
      <Filter>vpx_dsp\x86</Filter>
    </ClCompile>
    <ClCompile Include="..\..\source\libvpx\vp8\encoder\x86\quantize_sse4.c">
      <Filter>vp8\encoder\x86</Filter>
    </ClCompile>
    <ClCompile Include="..\..\source\libvpx\vp8\encoder\x86\quantize_ssse3.c">
      <Filter>vp8\encoder\x86</Filter>
    </ClCompile>
    <ClCompile Include="..\..\source\libvpx\vp9\encoder\x86\vp9_dct_ssse3.c">
      <Filter>vp9\encoder\x86</Filter>
    </ClCompile>
    <ClCompile Include="..\..\source\libvpx\vp9\encoder\x86\vp9_frame_scale_ssse3.c">
      <Filter>vp9\encoder\x86</Filter>
    </ClCompile>
    <ClCompile Include="..\..\source\libvpx\vpx_dsp\x86\vpx_subpixel_8t_intrin_ssse3.c">
      <Filter>vpx_dsp\x86</Filter>
    </ClCompile>
    <ClCompile Include="..\..\source\libvpx\vp8\common\generic\systemdependent.c">
      <Filter>vp8\common\generic</Filter>
    </ClCompile>
    <ClCompile Include="..\..\source\libvpx\vpx_dsp\psnr.c">
      <Filter>vpx_dsp</Filter>
    </ClCompile>
    <ClCompile Include="..\..\source\libvpx\vp9\encoder\vp9_alt_ref_aq.c">
      <Filter>vp9\encoder</Filter>
    </ClCompile>
    <ClCompile Include="..\..\source\libvpx\vp8\encoder\temporal_filter.c">
      <Filter>vp8\encoder</Filter>
    </ClCompile>
    <ClCompile Include="..\..\source\libvpx\vpx_dsp\add_noise.c">
      <Filter>vpx_dsp</Filter>
    </ClCompile>
    <ClCompile Include="..\..\source\libvpx\vpx_dsp\deblock.c">
      <Filter>vpx_dsp</Filter>
    </ClCompile>
    <ClCompile Include="..\..\source\libvpx\vp8\encoder\firstpass.c">
      <Filter>vp8\encoder</Filter>
    </ClCompile>
    <ClCompile Include="..\..\source\libvpx\vpx_dsp\sum_squares.c">
      <Filter>vpx_dsp</Filter>
    </ClCompile>
    <ClCompile Include="..\..\source\libvpx\vpx_dsp\x86\sum_squares_sse2.c">
      <Filter>vpx_dsp</Filter>
    </ClCompile>
    <ClCompile Include="..\..\source\libvpx\vp9\encoder\x86\vp9_dct_intrin_sse2.c">
      <Filter>vp9\encoder\x86</Filter>
    </ClCompile>
    <ClCompile Include="..\..\source\libvpx\vp9\encoder\vp9_multi_thread.c">
      <Filter>vp9\encoder</Filter>
    </ClCompile>
    <ClCompile Include="..\..\source\libvpx\vpx_dsp\x86\inv_txfm_ssse3.c">
      <Filter>vpx_dsp\x86</Filter>
    </ClCompile>
    <ClCompile Include="..\..\source\libvpx\vpx_dsp\skin_detection.c">
      <Filter>vpx_dsp</Filter>
    </ClCompile>
    <ClCompile Include="..\..\source\libvpx\vpx_dsp\x86\avg_pred_sse2.c">
      <Filter>vpx_dsp\x86</Filter>
    </ClCompile>
    <ClCompile Include="..\..\source\libvpx\vp9\encoder\x86\temporal_filter_sse4.c">
      <Filter>vp9\encoder\x86</Filter>
    </ClCompile>
    <ClCompile Include="..\..\source\libvpx\vp9\encoder\vp9_frame_scale.c">
      <Filter>vp9\encoder</Filter>
    </ClCompile>
    <ClCompile Include="..\..\source\libvpx\vp9\encoder\x86\vp9_error_avx2.c">
      <Filter>vp9\encoder\x86</Filter>
    </ClCompile>
    <ClCompile Include="..\..\source\libvpx\vp8\common\vp8_skin_detection.c">
      <Filter>vp8\common</Filter>
    </ClCompile>
  </ItemGroup>
  <ItemGroup>
    <ClInclude Include="..\..\source\libvpx\vp8\common\alloccommon.h">
      <Filter>vp8\common</Filter>
    </ClInclude>
    <ClInclude Include="..\..\source\libvpx\vp8\common\blockd.h">
      <Filter>vp8\common</Filter>
    </ClInclude>
    <ClInclude Include="..\..\source\libvpx\vp8\common\coefupdateprobs.h">
      <Filter>vp8\common</Filter>
    </ClInclude>
    <ClInclude Include="..\..\source\libvpx\vp8\common\common.h">
      <Filter>vp8\common</Filter>
    </ClInclude>
    <ClInclude Include="..\..\source\libvpx\vp8\common\default_coef_probs.h">
      <Filter>vp8\common</Filter>
    </ClInclude>
    <ClInclude Include="..\..\source\libvpx\vp8\common\entropy.h">
      <Filter>vp8\common</Filter>
    </ClInclude>
    <ClInclude Include="..\..\source\libvpx\vp8\common\entropymode.h">
      <Filter>vp8\common</Filter>
    </ClInclude>
    <ClInclude Include="..\..\source\libvpx\vp8\common\entropymv.h">
      <Filter>vp8\common</Filter>
    </ClInclude>
    <ClInclude Include="..\..\source\libvpx\vp8\common\extend.h">
      <Filter>vp8\common</Filter>
    </ClInclude>
    <ClInclude Include="..\..\source\libvpx\vp8\common\filter.h">
      <Filter>vp8\common</Filter>
    </ClInclude>
    <ClInclude Include="..\..\source\libvpx\vp8\common\findnearmv.h">
      <Filter>vp8\common</Filter>
    </ClInclude>
    <ClInclude Include="..\..\source\libvpx\vp8\common\header.h">
      <Filter>vp8\common</Filter>
    </ClInclude>
    <ClInclude Include="..\..\source\libvpx\vp8\common\invtrans.h">
      <Filter>vp8\common</Filter>
    </ClInclude>
    <ClInclude Include="..\..\source\libvpx\vp8\common\loopfilter.h">
      <Filter>vp8\common</Filter>
    </ClInclude>
    <ClInclude Include="..\..\source\libvpx\vp8\common\modecont.h">
      <Filter>vp8\common</Filter>
    </ClInclude>
    <ClInclude Include="..\..\source\libvpx\vp8\common\mv.h">
      <Filter>vp8\common</Filter>
    </ClInclude>
    <ClInclude Include="..\..\source\libvpx\vp8\common\onyx.h">
      <Filter>vp8\common</Filter>
    </ClInclude>
    <ClInclude Include="..\..\source\libvpx\vp8\common\onyxc_int.h">
      <Filter>vp8\common</Filter>
    </ClInclude>
    <ClInclude Include="..\..\source\libvpx\vp8\common\onyxd.h">
      <Filter>vp8\common</Filter>
    </ClInclude>
    <ClInclude Include="..\..\source\libvpx\vp8\common\postproc.h">
      <Filter>vp8\common</Filter>
    </ClInclude>
    <ClInclude Include="..\..\source\libvpx\vp8\common\ppflags.h">
      <Filter>vp8\common</Filter>
    </ClInclude>
    <ClInclude Include="..\..\source\libvpx\vp8\common\quant_common.h">
      <Filter>vp8\common</Filter>
    </ClInclude>
    <ClInclude Include="..\..\source\libvpx\vp8\common\reconinter.h">
      <Filter>vp8\common</Filter>
    </ClInclude>
    <ClInclude Include="..\..\source\libvpx\vp8\common\reconintra.h">
      <Filter>vp8\common</Filter>
    </ClInclude>
    <ClInclude Include="..\..\source\libvpx\vp8\common\reconintra4x4.h">
      <Filter>vp8\common</Filter>
    </ClInclude>
    <ClInclude Include="..\..\source\libvpx\vp8\common\setupintrarecon.h">
      <Filter>vp8\common</Filter>
    </ClInclude>
    <ClInclude Include="..\..\source\libvpx\vp8\common\swapyv12buffer.h">
      <Filter>vp8\common</Filter>
    </ClInclude>
    <ClInclude Include="..\..\source\libvpx\vp8\common\systemdependent.h">
      <Filter>vp8\common</Filter>
    </ClInclude>
    <ClInclude Include="..\..\source\libvpx\vp8\common\threading.h">
      <Filter>vp8\common</Filter>
    </ClInclude>
    <ClInclude Include="..\..\source\libvpx\vp8\common\treecoder.h">
      <Filter>vp8\common</Filter>
    </ClInclude>
    <ClInclude Include="..\..\source\libvpx\vp8\common\vp8_entropymodedata.h">
      <Filter>vp8\common</Filter>
    </ClInclude>
    <ClInclude Include="..\..\source\libvpx\vp8\common\x86\filter_x86.h">
      <Filter>vp8\common\x86</Filter>
    </ClInclude>
    <ClInclude Include="..\..\source\libvpx\vp8\decoder\dboolhuff.h">
      <Filter>vp8\decoder</Filter>
    </ClInclude>
    <ClInclude Include="..\..\source\libvpx\vp8\decoder\decodemv.h">
      <Filter>vp8\decoder</Filter>
    </ClInclude>
    <ClInclude Include="..\..\source\libvpx\vp8\decoder\decoderthreading.h">
      <Filter>vp8\decoder</Filter>
    </ClInclude>
    <ClInclude Include="..\..\source\libvpx\vp8\decoder\detokenize.h">
      <Filter>vp8\decoder</Filter>
    </ClInclude>
    <ClInclude Include="..\..\source\libvpx\vp8\decoder\onyxd_int.h">
      <Filter>vp8\decoder</Filter>
    </ClInclude>
    <ClInclude Include="..\..\source\libvpx\vp8\decoder\treereader.h">
      <Filter>vp8\decoder</Filter>
    </ClInclude>
    <ClInclude Include="..\..\source\libvpx\vp8\encoder\bitstream.h">
      <Filter>vp8\encoder</Filter>
    </ClInclude>
    <ClInclude Include="..\..\source\libvpx\vp8\encoder\block.h">
      <Filter>vp8\encoder</Filter>
    </ClInclude>
    <ClInclude Include="..\..\source\libvpx\vp8\encoder\boolhuff.h">
      <Filter>vp8\encoder</Filter>
    </ClInclude>
    <ClInclude Include="..\..\source\libvpx\vp8\encoder\dct_value_cost.h">
      <Filter>vp8\encoder</Filter>
    </ClInclude>
    <ClInclude Include="..\..\source\libvpx\vp8\encoder\dct_value_tokens.h">
      <Filter>vp8\encoder</Filter>
    </ClInclude>
    <ClInclude Include="..\..\source\libvpx\vp8\encoder\defaultcoefcounts.h">
      <Filter>vp8\encoder</Filter>
    </ClInclude>
    <ClInclude Include="..\..\source\libvpx\vp8\encoder\denoising.h">
      <Filter>vp8\encoder</Filter>
    </ClInclude>
    <ClInclude Include="..\..\source\libvpx\vp8\encoder\encodeframe.h">
      <Filter>vp8\encoder</Filter>
    </ClInclude>
    <ClInclude Include="..\..\source\libvpx\vp8\encoder\encodeintra.h">
      <Filter>vp8\encoder</Filter>
    </ClInclude>
    <ClInclude Include="..\..\source\libvpx\vp8\encoder\encodemb.h">
      <Filter>vp8\encoder</Filter>
    </ClInclude>
    <ClInclude Include="..\..\source\libvpx\vp8\encoder\encodemv.h">
      <Filter>vp8\encoder</Filter>
    </ClInclude>
    <ClInclude Include="..\..\source\libvpx\vp8\encoder\firstpass.h">
      <Filter>vp8\encoder</Filter>
    </ClInclude>
    <ClInclude Include="..\..\source\libvpx\vp8\encoder\lookahead.h">
      <Filter>vp8\encoder</Filter>
    </ClInclude>
    <ClInclude Include="..\..\source\libvpx\vp8\encoder\mcomp.h">
      <Filter>vp8\encoder</Filter>
    </ClInclude>
    <ClInclude Include="..\..\source\libvpx\vp8\encoder\modecosts.h">
      <Filter>vp8\encoder</Filter>
    </ClInclude>
    <ClInclude Include="..\..\source\libvpx\vp8\encoder\onyx_int.h">
      <Filter>vp8\encoder</Filter>
    </ClInclude>
    <ClInclude Include="..\..\source\libvpx\vp8\encoder\pickinter.h">
      <Filter>vp8\encoder</Filter>
    </ClInclude>
    <ClInclude Include="..\..\source\libvpx\vp8\encoder\quantize.h">
      <Filter>vp8\encoder</Filter>
    </ClInclude>
    <ClInclude Include="..\..\source\libvpx\vp8\encoder\ratectrl.h">
      <Filter>vp8\encoder</Filter>
    </ClInclude>
    <ClInclude Include="..\..\source\libvpx\vp8\encoder\rdopt.h">
      <Filter>vp8\encoder</Filter>
    </ClInclude>
    <ClInclude Include="..\..\source\libvpx\vp8\encoder\segmentation.h">
      <Filter>vp8\encoder</Filter>
    </ClInclude>
    <ClInclude Include="..\..\source\libvpx\vp8\encoder\tokenize.h">
      <Filter>vp8\encoder</Filter>
    </ClInclude>
    <ClInclude Include="..\..\source\libvpx\vp8\encoder\treewriter.h">
      <Filter>vp8\encoder</Filter>
    </ClInclude>
    <ClInclude Include="..\..\source\libvpx\vp9\common\vp9_alloccommon.h">
      <Filter>vp9\common</Filter>
    </ClInclude>
    <ClInclude Include="..\..\source\libvpx\vp9\common\vp9_blockd.h">
      <Filter>vp9\common</Filter>
    </ClInclude>
    <ClInclude Include="..\..\source\libvpx\vp9\common\vp9_common.h">
      <Filter>vp9\common</Filter>
    </ClInclude>
    <ClInclude Include="..\..\source\libvpx\vp9\common\vp9_common_data.h">
      <Filter>vp9\common</Filter>
    </ClInclude>
    <ClInclude Include="..\..\source\libvpx\vp9\common\vp9_entropy.h">
      <Filter>vp9\common</Filter>
    </ClInclude>
    <ClInclude Include="..\..\source\libvpx\vp9\common\vp9_entropymode.h">
      <Filter>vp9\common</Filter>
    </ClInclude>
    <ClInclude Include="..\..\source\libvpx\vp9\common\vp9_entropymv.h">
      <Filter>vp9\common</Filter>
    </ClInclude>
    <ClInclude Include="..\..\source\libvpx\vp9\common\vp9_enums.h">
      <Filter>vp9\common</Filter>
    </ClInclude>
    <ClInclude Include="..\..\source\libvpx\vp9\common\vp9_filter.h">
      <Filter>vp9\common</Filter>
    </ClInclude>
    <ClInclude Include="..\..\source\libvpx\vp9\common\vp9_frame_buffers.h">
      <Filter>vp9\common</Filter>
    </ClInclude>
    <ClInclude Include="..\..\source\libvpx\vp9\common\vp9_idct.h">
      <Filter>vp9\common</Filter>
    </ClInclude>
    <ClInclude Include="..\..\source\libvpx\vp9\common\vp9_loopfilter.h">
      <Filter>vp9\common</Filter>
    </ClInclude>
    <ClInclude Include="..\..\source\libvpx\vp9\common\vp9_mv.h">
      <Filter>vp9\common</Filter>
    </ClInclude>
    <ClInclude Include="..\..\source\libvpx\vp9\common\vp9_mvref_common.h">
      <Filter>vp9\common</Filter>
    </ClInclude>
    <ClInclude Include="..\..\source\libvpx\vp9\common\vp9_onyxc_int.h">
      <Filter>vp9\common</Filter>
    </ClInclude>
    <ClInclude Include="..\..\source\libvpx\vp9\common\vp9_postproc.h">
      <Filter>vp9\common</Filter>
    </ClInclude>
    <ClInclude Include="..\..\source\libvpx\vp9\common\vp9_ppflags.h">
      <Filter>vp9\common</Filter>
    </ClInclude>
    <ClInclude Include="..\..\source\libvpx\vp9\common\vp9_pred_common.h">
      <Filter>vp9\common</Filter>
    </ClInclude>
    <ClInclude Include="..\..\source\libvpx\vp9\common\vp9_quant_common.h">
      <Filter>vp9\common</Filter>
    </ClInclude>
    <ClInclude Include="..\..\source\libvpx\vp9\common\vp9_reconinter.h">
      <Filter>vp9\common</Filter>
    </ClInclude>
    <ClInclude Include="..\..\source\libvpx\vp9\common\vp9_reconintra.h">
      <Filter>vp9\common</Filter>
    </ClInclude>
    <ClInclude Include="..\..\source\libvpx\vp9\common\vp9_scale.h">
      <Filter>vp9\common</Filter>
    </ClInclude>
    <ClInclude Include="..\..\source\libvpx\vp9\common\vp9_scan.h">
      <Filter>vp9\common</Filter>
    </ClInclude>
    <ClInclude Include="..\..\source\libvpx\vp9\common\vp9_seg_common.h">
      <Filter>vp9\common</Filter>
    </ClInclude>
    <ClInclude Include="..\..\source\libvpx\vp9\common\vp9_thread_common.h">
      <Filter>vp9\common</Filter>
    </ClInclude>
    <ClInclude Include="..\..\source\libvpx\vp9\common\vp9_tile_common.h">
      <Filter>vp9\common</Filter>
    </ClInclude>
    <ClInclude Include="..\..\source\libvpx\vp9\decoder\vp9_decodeframe.h">
      <Filter>vp9\decoder</Filter>
    </ClInclude>
    <ClInclude Include="..\..\source\libvpx\vp9\decoder\vp9_decodemv.h">
      <Filter>vp9\decoder</Filter>
    </ClInclude>
    <ClInclude Include="..\..\source\libvpx\vp9\decoder\vp9_decoder.h">
      <Filter>vp9\decoder</Filter>
    </ClInclude>
    <ClInclude Include="..\..\source\libvpx\vp9\decoder\vp9_detokenize.h">
      <Filter>vp9\decoder</Filter>
    </ClInclude>
    <ClInclude Include="..\..\source\libvpx\vp9\decoder\vp9_dsubexp.h">
      <Filter>vp9\decoder</Filter>
    </ClInclude>
    <ClInclude Include="..\..\source\libvpx\vp9\encoder\vp9_aq_360.h">
      <Filter>vp9\encoder</Filter>
    </ClInclude>
    <ClInclude Include="..\..\source\libvpx\vp9\encoder\vp9_aq_complexity.h">
      <Filter>vp9\encoder</Filter>
    </ClInclude>
    <ClInclude Include="..\..\source\libvpx\vp9\encoder\vp9_aq_cyclicrefresh.h">
      <Filter>vp9\encoder</Filter>
    </ClInclude>
    <ClInclude Include="..\..\source\libvpx\vp9\encoder\vp9_aq_variance.h">
      <Filter>vp9\encoder</Filter>
    </ClInclude>
    <ClInclude Include="..\..\source\libvpx\vp9\encoder\vp9_bitstream.h">
      <Filter>vp9\encoder</Filter>
    </ClInclude>
    <ClInclude Include="..\..\source\libvpx\vp9\encoder\vp9_block.h">
      <Filter>vp9\encoder</Filter>
    </ClInclude>
    <ClInclude Include="..\..\source\libvpx\vp9\encoder\vp9_context_tree.h">
      <Filter>vp9\encoder</Filter>
    </ClInclude>
    <ClInclude Include="..\..\source\libvpx\vp9\encoder\vp9_cost.h">
      <Filter>vp9\encoder</Filter>
    </ClInclude>
    <ClInclude Include="..\..\source\libvpx\vp9\encoder\vp9_encodeframe.h">
      <Filter>vp9\encoder</Filter>
    </ClInclude>
    <ClInclude Include="..\..\source\libvpx\vp9\encoder\vp9_encodemb.h">
      <Filter>vp9\encoder</Filter>
    </ClInclude>
    <ClInclude Include="..\..\source\libvpx\vp9\encoder\vp9_encodemv.h">
      <Filter>vp9\encoder</Filter>
    </ClInclude>
    <ClInclude Include="..\..\source\libvpx\vp9\encoder\vp9_encoder.h">
      <Filter>vp9\encoder</Filter>
    </ClInclude>
    <ClInclude Include="..\..\source\libvpx\vp9\encoder\vp9_ethread.h">
      <Filter>vp9\encoder</Filter>
    </ClInclude>
    <ClInclude Include="..\..\source\libvpx\vp9\encoder\vp9_extend.h">
      <Filter>vp9\encoder</Filter>
    </ClInclude>
    <ClInclude Include="..\..\source\libvpx\vp9\encoder\vp9_firstpass.h">
      <Filter>vp9\encoder</Filter>
    </ClInclude>
    <ClInclude Include="..\..\source\libvpx\vp9\encoder\vp9_lookahead.h">
      <Filter>vp9\encoder</Filter>
    </ClInclude>
    <ClInclude Include="..\..\source\libvpx\vp9\encoder\vp9_mbgraph.h">
      <Filter>vp9\encoder</Filter>
    </ClInclude>
    <ClInclude Include="..\..\source\libvpx\vp9\encoder\vp9_mcomp.h">
      <Filter>vp9\encoder</Filter>
    </ClInclude>
    <ClInclude Include="..\..\source\libvpx\vp9\encoder\vp9_noise_estimate.h">
      <Filter>vp9\encoder</Filter>
    </ClInclude>
    <ClInclude Include="..\..\source\libvpx\vp9\encoder\vp9_picklpf.h">
      <Filter>vp9\encoder</Filter>
    </ClInclude>
    <ClInclude Include="..\..\source\libvpx\vp9\encoder\vp9_pickmode.h">
      <Filter>vp9\encoder</Filter>
    </ClInclude>
    <ClInclude Include="..\..\source\libvpx\vp9\encoder\vp9_quantize.h">
      <Filter>vp9\encoder</Filter>
    </ClInclude>
    <ClInclude Include="..\..\source\libvpx\vp9\encoder\vp9_ratectrl.h">
      <Filter>vp9\encoder</Filter>
    </ClInclude>
    <ClInclude Include="..\..\source\libvpx\vp9\encoder\vp9_rd.h">
      <Filter>vp9\encoder</Filter>
    </ClInclude>
    <ClInclude Include="..\..\source\libvpx\vp9\encoder\vp9_rdopt.h">
      <Filter>vp9\encoder</Filter>
    </ClInclude>
    <ClInclude Include="..\..\source\libvpx\vp9\encoder\vp9_resize.h">
      <Filter>vp9\encoder</Filter>
    </ClInclude>
    <ClInclude Include="..\..\source\libvpx\vp9\encoder\vp9_segmentation.h">
      <Filter>vp9\encoder</Filter>
    </ClInclude>
    <ClInclude Include="..\..\source\libvpx\vp9\encoder\vp9_skin_detection.h">
      <Filter>vp9\encoder</Filter>
    </ClInclude>
    <ClInclude Include="..\..\source\libvpx\vp9\encoder\vp9_speed_features.h">
      <Filter>vp9\encoder</Filter>
    </ClInclude>
    <ClInclude Include="..\..\source\libvpx\vp9\encoder\vp9_subexp.h">
      <Filter>vp9\encoder</Filter>
    </ClInclude>
    <ClInclude Include="..\..\source\libvpx\vp9\encoder\vp9_svc_layercontext.h">
      <Filter>vp9\encoder</Filter>
    </ClInclude>
    <ClInclude Include="..\..\source\libvpx\vp9\encoder\vp9_temporal_filter.h">
      <Filter>vp9\encoder</Filter>
    </ClInclude>
    <ClInclude Include="..\..\source\libvpx\vp9\encoder\vp9_tokenize.h">
      <Filter>vp9\encoder</Filter>
    </ClInclude>
    <ClInclude Include="..\..\source\libvpx\vp9\encoder\vp9_treewriter.h">
      <Filter>vp9\encoder</Filter>
    </ClInclude>
    <ClInclude Include="..\..\source\libvpx\vp9\vp9_dx_iface.h">
      <Filter>vp9</Filter>
    </ClInclude>
    <ClInclude Include="..\..\source\libvpx\vp9\vp9_iface_common.h">
      <Filter>vp9</Filter>
    </ClInclude>
    <ClInclude Include="..\..\source\libvpx\vpx\internal\vpx_codec_internal.h">
      <Filter>vpx\internal</Filter>
    </ClInclude>
    <ClInclude Include="..\..\source\libvpx\vpx\internal\vpx_psnr.h">
      <Filter>vpx\internal</Filter>
    </ClInclude>
    <ClInclude Include="..\..\source\libvpx\vpx\vp8.h">
      <Filter>vpx</Filter>
    </ClInclude>
    <ClInclude Include="..\..\source\libvpx\vpx\vp8cx.h">
      <Filter>vpx</Filter>
    </ClInclude>
    <ClInclude Include="..\..\source\libvpx\vpx\vp8dx.h">
      <Filter>vpx</Filter>
    </ClInclude>
    <ClInclude Include="..\..\source\libvpx\vpx\vpx_codec.h">
      <Filter>vpx</Filter>
    </ClInclude>
    <ClInclude Include="..\..\source\libvpx\vpx\vpx_decoder.h">
      <Filter>vpx</Filter>
    </ClInclude>
    <ClInclude Include="..\..\source\libvpx\vpx\vpx_encoder.h">
      <Filter>vpx</Filter>
    </ClInclude>
    <ClInclude Include="..\..\source\libvpx\vpx\vpx_frame_buffer.h">
      <Filter>vpx</Filter>
    </ClInclude>
    <ClInclude Include="..\..\source\libvpx\vpx\vpx_image.h">
      <Filter>vpx</Filter>
    </ClInclude>
    <ClInclude Include="..\..\source\libvpx\vpx\vpx_integer.h">
      <Filter>vpx</Filter>
    </ClInclude>
    <ClInclude Include="..\..\source\libvpx\vpx_dsp\bitreader.h">
      <Filter>vpx_dsp</Filter>
    </ClInclude>
    <ClInclude Include="..\..\source\libvpx\vpx_dsp\bitreader_buffer.h">
      <Filter>vpx_dsp</Filter>
    </ClInclude>
    <ClInclude Include="..\..\source\libvpx\vpx_dsp\bitwriter.h">
      <Filter>vpx_dsp</Filter>
    </ClInclude>
    <ClInclude Include="..\..\source\libvpx\vpx_dsp\bitwriter_buffer.h">
      <Filter>vpx_dsp</Filter>
    </ClInclude>
    <ClInclude Include="..\..\source\libvpx\vpx_dsp\fwd_txfm.h">
      <Filter>vpx_dsp</Filter>
    </ClInclude>
    <ClInclude Include="..\..\source\libvpx\vpx_dsp\inv_txfm.h">
      <Filter>vpx_dsp</Filter>
    </ClInclude>
    <ClInclude Include="..\..\source\libvpx\vpx_dsp\prob.h">
      <Filter>vpx_dsp</Filter>
    </ClInclude>
    <ClInclude Include="..\..\source\libvpx\vpx_dsp\quantize.h">
      <Filter>vpx_dsp</Filter>
    </ClInclude>
    <ClInclude Include="..\..\source\libvpx\vpx_dsp\txfm_common.h">
      <Filter>vpx_dsp</Filter>
    </ClInclude>
    <ClInclude Include="..\..\source\libvpx\vpx_dsp\variance.h">
      <Filter>vpx_dsp</Filter>
    </ClInclude>
    <ClInclude Include="..\..\source\libvpx\vpx_dsp\vpx_convolve.h">
      <Filter>vpx_dsp</Filter>
    </ClInclude>
    <ClInclude Include="..\..\source\libvpx\vpx_dsp\vpx_dsp_common.h">
      <Filter>vpx_dsp</Filter>
    </ClInclude>
    <ClInclude Include="..\..\source\libvpx\vpx_dsp\vpx_filter.h">
      <Filter>vpx_dsp</Filter>
    </ClInclude>
    <ClInclude Include="..\..\source\libvpx\vpx_dsp\x86\convolve.h">
      <Filter>vpx_dsp\x86</Filter>
    </ClInclude>
    <ClInclude Include="..\..\source\libvpx\vpx_dsp\x86\fwd_dct32x32_impl_avx2.h">
      <Filter>vpx_dsp\x86</Filter>
    </ClInclude>
    <ClInclude Include="..\..\source\libvpx\vpx_dsp\x86\fwd_dct32x32_impl_sse2.h">
      <Filter>vpx_dsp\x86</Filter>
    </ClInclude>
    <ClInclude Include="..\..\source\libvpx\vpx_dsp\x86\fwd_txfm_impl_sse2.h">
      <Filter>vpx_dsp\x86</Filter>
    </ClInclude>
    <ClInclude Include="..\..\source\libvpx\vpx_dsp\x86\fwd_txfm_sse2.h">
      <Filter>vpx_dsp\x86</Filter>
    </ClInclude>
    <ClInclude Include="..\..\source\libvpx\vpx_dsp\x86\inv_txfm_sse2.h">
      <Filter>vpx_dsp\x86</Filter>
    </ClInclude>
    <ClInclude Include="..\..\source\libvpx\vpx_dsp\x86\txfm_common_sse2.h">
      <Filter>vpx_dsp\x86</Filter>
    </ClInclude>
    <ClInclude Include="..\..\source\libvpx\vpx_mem\vpx_mem.h">
      <Filter>vpx_mem</Filter>
    </ClInclude>
    <ClInclude Include="..\..\source\libvpx\vpx_ports\bitops.h">
      <Filter>vpx_ports</Filter>
    </ClInclude>
    <ClInclude Include="..\..\source\libvpx\vpx_ports\emmintrin_compat.h">
      <Filter>vpx_ports</Filter>
    </ClInclude>
    <ClInclude Include="..\..\source\libvpx\vpx_ports\mem.h">
      <Filter>vpx_ports</Filter>
    </ClInclude>
    <ClInclude Include="..\..\source\libvpx\vpx_ports\mem_ops.h">
      <Filter>vpx_ports</Filter>
    </ClInclude>
    <ClInclude Include="..\..\source\libvpx\vpx_ports\mem_ops_aligned.h">
      <Filter>vpx_ports</Filter>
    </ClInclude>
    <ClInclude Include="..\..\source\libvpx\vpx_ports\msvc.h">
      <Filter>vpx_ports</Filter>
    </ClInclude>
    <ClInclude Include="..\..\source\libvpx\vpx_ports\system_state.h">
      <Filter>vpx_ports</Filter>
    </ClInclude>
    <ClInclude Include="..\..\source\libvpx\vpx_ports\vpx_once.h">
      <Filter>vpx_ports</Filter>
    </ClInclude>
    <ClInclude Include="..\..\source\libvpx\vpx_ports\vpx_timer.h">
      <Filter>vpx_ports</Filter>
    </ClInclude>
    <ClInclude Include="..\..\source\libvpx\vpx_ports\x86.h">
      <Filter>vpx_ports</Filter>
    </ClInclude>
    <ClInclude Include="..\..\source\libvpx\vpx_scale\vpx_scale.h">
      <Filter>vpx_scale</Filter>
    </ClInclude>
    <ClInclude Include="..\..\source\libvpx\vpx_util\endian_inl.h">
      <Filter>vpx_util</Filter>
    </ClInclude>
    <ClInclude Include="..\..\source\libvpx\vpx_util\vpx_thread.h">
      <Filter>vpx_util</Filter>
    </ClInclude>
    <ClInclude Include="..\..\source\libvpx\vp9\encoder\vp9_alt_ref_aq.h">
      <Filter>vp9\encoder</Filter>
    </ClInclude>
    <ClInclude Include="..\..\source\libvpx\vp9\encoder\vp9_multi_thread.h">
      <Filter>vp9\encoder</Filter>
    </ClInclude>
    <ClInclude Include="..\..\source\libvpx\vpx_dsp\skin_detection.h">
      <Filter>vpx_dsp</Filter>
    </ClInclude>
    <ClInclude Include="..\..\source\libvpx\vp8\common\vp8_skin_detection.h">
      <Filter>vp8\common</Filter>
    </ClInclude>
  </ItemGroup>
  <ItemGroup>
    <CustomBuild Include="..\..\source\libvpx\vp8\common\x86\copy_sse2.asm">
      <Filter>asm</Filter>
    </CustomBuild>
    <CustomBuild Include="..\..\source\libvpx\vp8\common\x86\copy_sse3.asm">
      <Filter>asm</Filter>
    </CustomBuild>
    <CustomBuild Include="..\..\source\libvpx\vp8\encoder\x86\dct_sse2.asm">
      <Filter>asm</Filter>
    </CustomBuild>
    <CustomBuild Include="..\..\source\libvpx\vp8\common\x86\dequantize_mmx.asm">
      <Filter>asm</Filter>
    </CustomBuild>
    <CustomBuild Include="..\..\source\libvpx\vpx_ports\emms.asm">
      <Filter>asm</Filter>
    </CustomBuild>
    <CustomBuild Include="..\..\source\libvpx\vp8\encoder\x86\encodeopt.asm">
      <Filter>asm</Filter>
    </CustomBuild>
    <CustomBuild Include="..\..\source\libvpx\vp8\encoder\x86\fwalsh_sse2.asm">
      <Filter>asm</Filter>
    </CustomBuild>
    <CustomBuild Include="..\..\source\libvpx\vp8\common\x86\idctllm_mmx.asm">
      <Filter>asm</Filter>
    </CustomBuild>
    <CustomBuild Include="..\..\source\libvpx\vp8\common\x86\idctllm_sse2.asm">
      <Filter>asm</Filter>
    </CustomBuild>
    <CustomBuild Include="..\..\source\libvpx\vpx_dsp\x86\intrapred_sse2.asm">
      <Filter>asm</Filter>
    </CustomBuild>
    <CustomBuild Include="..\..\source\libvpx\vpx_dsp\x86\intrapred_ssse3.asm">
      <Filter>asm</Filter>
    </CustomBuild>
    <CustomBuild Include="..\..\source\libvpx\vpx_dsp\x86\inv_wht_sse2.asm">
      <Filter>asm</Filter>
    </CustomBuild>
    <CustomBuild Include="..\..\source\libvpx\vp8\common\x86\iwalsh_sse2.asm">
      <Filter>asm</Filter>
    </CustomBuild>
    <CustomBuild Include="..\..\source\libvpx\vp8\common\x86\loopfilter_sse2.asm">
      <Filter>asm</Filter>
    </CustomBuild>
    <CustomBuild Include="..\..\source\libvpx\vp8\common\x86\mfqe_sse2.asm">
      <Filter>asm</Filter>
    </CustomBuild>
    <CustomBuild Include="..\..\source\libvpx\vp8\common\x86\recon_mmx.asm">
      <Filter>asm</Filter>
    </CustomBuild>
    <CustomBuild Include="..\..\source\libvpx\vp8\common\x86\recon_sse2.asm">
      <Filter>asm</Filter>
    </CustomBuild>
    <CustomBuild Include="..\..\source\libvpx\vpx_dsp\x86\sad_sse2.asm">
      <Filter>asm</Filter>
    </CustomBuild>
    <CustomBuild Include="..\..\source\libvpx\vpx_dsp\x86\sad_sse3.asm">
      <Filter>asm</Filter>
    </CustomBuild>
    <CustomBuild Include="..\..\source\libvpx\vpx_dsp\x86\sad_sse4.asm">
      <Filter>asm</Filter>
    </CustomBuild>
    <CustomBuild Include="..\..\source\libvpx\vpx_dsp\x86\sad_ssse3.asm">
      <Filter>asm</Filter>
    </CustomBuild>
    <CustomBuild Include="..\..\source\libvpx\vpx_dsp\x86\sad4d_sse2.asm">
      <Filter>asm</Filter>
    </CustomBuild>
    <CustomBuild Include="..\..\source\libvpx\vpx_dsp\x86\subpel_variance_sse2.asm">
      <Filter>asm</Filter>
    </CustomBuild>
    <CustomBuild Include="..\..\source\libvpx\vp8\common\x86\subpixel_mmx.asm">
      <Filter>asm</Filter>
    </CustomBuild>
    <CustomBuild Include="..\..\source\libvpx\vp8\common\x86\subpixel_sse2.asm">
      <Filter>asm</Filter>
    </CustomBuild>
    <CustomBuild Include="..\..\source\libvpx\vp8\common\x86\subpixel_ssse3.asm">
      <Filter>asm</Filter>
    </CustomBuild>
    <CustomBuild Include="..\..\source\libvpx\vpx_dsp\x86\subtract_sse2.asm">
      <Filter>asm</Filter>
    </CustomBuild>
    <CustomBuild Include="..\..\source\libvpx\vp9\encoder\x86\vp9_error_sse2.asm">
      <Filter>asm</Filter>
    </CustomBuild>
    <CustomBuild Include="..\..\source\libvpx\vpx_dsp\x86\vpx_convolve_copy_sse2.asm">
      <Filter>asm</Filter>
    </CustomBuild>
    <CustomBuild Include="..\..\source\libvpx\vpx_dsp\x86\vpx_subpixel_8t_sse2.asm">
      <Filter>asm</Filter>
    </CustomBuild>
    <CustomBuild Include="..\..\source\libvpx\vpx_dsp\x86\vpx_subpixel_8t_ssse3.asm">
      <Filter>asm</Filter>
    </CustomBuild>
    <CustomBuild Include="..\..\source\libvpx\vpx_dsp\x86\vpx_subpixel_bilinear_sse2.asm">
      <Filter>asm</Filter>
    </CustomBuild>
    <CustomBuild Include="..\..\source\libvpx\vpx_dsp\x86\vpx_subpixel_bilinear_ssse3.asm">
      <Filter>asm</Filter>
    </CustomBuild>
    <CustomBuild Include="..\..\source\libvpx\vp8\encoder\x86\temporal_filter_apply_sse2.asm">
      <Filter>asm</Filter>
    </CustomBuild>
    <CustomBuild Include="..\..\source\libvpx\vp9\encoder\x86\vp9_dct_sse2.asm">
      <Filter>asm</Filter>
    </CustomBuild>
    <CustomBuild Include="..\..\source\libvpx\vpx_dsp\x86\add_noise_sse2.asm">
      <Filter>Source Files</Filter>
    </CustomBuild>
    <CustomBuild Include="..\..\source\libvpx\vpx_dsp\x86\deblock_sse2.asm">
      <Filter>Source Files</Filter>
    </CustomBuild>
  </ItemGroup>
  <ItemGroup>
    <None Include="..\..\source\libvpx\vpx_ports\x86_abi_support.asm">
      <Filter>asm</Filter>
    </None>
  </ItemGroup>
</Project>