<?xml version="1.0" encoding="utf-8"?>
<Project ToolsVersion="4.0" xmlns="http://schemas.microsoft.com/developer/msbuild/2003">
  <ItemGroup>
    <Filter Include="Source Files">
      <UniqueIdentifier>{4FC737F1-C7A5-4376-A066-2A32D752A2FF}</UniqueIdentifier>
      <Extensions>cpp;c;cc;cxx;def;odl;idl;hpj;bat;asm;asmx</Extensions>
    </Filter>
    <Filter Include="Header Files">
      <UniqueIdentifier>{93995380-89BD-4b04-88EB-625FBE52EBFB}</UniqueIdentifier>
      <Extensions>h;hh;hpp;hxx;hm;inl;inc;xsd</Extensions>
    </Filter>
    <Filter Include="Resource Files">
      <UniqueIdentifier>{67DA6AB6-F800-4c08-8B7A-83BB121AAD01}</UniqueIdentifier>
      <Extensions>rc;ico;cur;bmp;dlg;rc2;rct;bin;rgs;gif;jpg;jpeg;jpe;resx;tiff;tif;png;wav;mfcribbon-ms</Extensions>
    </Filter>
    <Filter Include="opencv_core">
      <UniqueIdentifier>{dee00c04-c45f-4e24-8c09-451e35cea163}</UniqueIdentifier>
    </Filter>
    <Filter Include="opencv_core\include">
      <UniqueIdentifier>{68e8013d-81bc-4712-8948-cf7360e1917f}</UniqueIdentifier>
    </Filter>
    <Filter Include="opencv_core\src">
      <UniqueIdentifier>{0130854a-75c5-450a-9b46-8b0e56329ca0}</UniqueIdentifier>
    </Filter>
    <Filter Include="opencv_core\src\opencl">
      <UniqueIdentifier>{78b8bbcb-9a62-49b1-b568-7e990108c19c}</UniqueIdentifier>
    </Filter>
    <Filter Include="opencv_core\src\opencl\kernels">
      <UniqueIdentifier>{fbe2c56e-4760-408e-93ac-f177c3b99bd8}</UniqueIdentifier>
    </Filter>
    <Filter Include="opencv_core\src\opencl\runtime">
      <UniqueIdentifier>{a27f363a-00a7-4f27-8d10-179e825502a7}</UniqueIdentifier>
    </Filter>
    <Filter Include="opencv_core\src\opencl\kernels\autogenerated">
      <UniqueIdentifier>{6f4c322b-4c0b-4b56-b510-54f60874dcd5}</UniqueIdentifier>
    </Filter>
    <Filter Include="opencv_core\src\opencl\runtime\autogenerated">
      <UniqueIdentifier>{8b474023-ae64-44ff-a86f-d2f7bedd649c}</UniqueIdentifier>
    </Filter>
    <Filter Include="opencv_imgproc">
      <UniqueIdentifier>{8ed65d61-5cea-4a3e-9d30-d189bd7c7918}</UniqueIdentifier>
    </Filter>
    <Filter Include="opencv_imgproc\include">
      <UniqueIdentifier>{0be24845-e0fd-45f5-b0df-33e236b25d7b}</UniqueIdentifier>
    </Filter>
    <Filter Include="opencv_imgproc\src">
      <UniqueIdentifier>{990f00b3-08d6-4957-9867-a376246f2fac}</UniqueIdentifier>
    </Filter>
    <Filter Include="opencv_imgproc\src\opencl">
      <UniqueIdentifier>{6269e38c-460a-48e5-9572-bc07dd8fc26d}</UniqueIdentifier>
    </Filter>
    <Filter Include="opencv_imgproc\src\opencl\kernels">
      <UniqueIdentifier>{80f633e9-1835-4e32-88e6-29eefaed07e4}</UniqueIdentifier>
    </Filter>
    <Filter Include="opencv_imgproc\src\opencl\kernels\autogenerated">
      <UniqueIdentifier>{ed4ac863-4927-40ac-8298-86f0b221c93f}</UniqueIdentifier>
    </Filter>
    <Filter Include="opencv_flann">
      <UniqueIdentifier>{7c52663c-9dc6-4e32-bef8-5af4dcdcf13f}</UniqueIdentifier>
    </Filter>
    <Filter Include="opencv_flann\src">
      <UniqueIdentifier>{f8633a81-9f48-40a4-9167-123cce0c579c}</UniqueIdentifier>
    </Filter>
    <Filter Include="opencv_video">
      <UniqueIdentifier>{ad82bf62-ffa0-447a-97a8-223edf8c5055}</UniqueIdentifier>
    </Filter>
    <Filter Include="opencv_video\src">
      <UniqueIdentifier>{820a1658-25d8-46a4-b3c0-4c412c84f4ed}</UniqueIdentifier>
    </Filter>
    <Filter Include="opencv_video\src\opencl">
      <UniqueIdentifier>{ad83de80-3db7-409e-9835-972675066247}</UniqueIdentifier>
    </Filter>
    <Filter Include="opencv_video\src\opencl\kernels">
      <UniqueIdentifier>{8a23bfb7-f474-4a59-960c-4eed439cc869}</UniqueIdentifier>
    </Filter>
    <Filter Include="opencv_video\src\opencl\kernels\autogenerated">
      <UniqueIdentifier>{aac138b9-fa4d-46e0-9e33-3bd3db295cc8}</UniqueIdentifier>
    </Filter>
    <Filter Include="opencv_ml">
      <UniqueIdentifier>{d4a63ad2-8751-4df7-8a82-51be7c9a10be}</UniqueIdentifier>
    </Filter>
    <Filter Include="opencv_ml\src">
      <UniqueIdentifier>{ad5966b7-0b4c-4990-aeab-a71cde49d6f6}</UniqueIdentifier>
    </Filter>
    <Filter Include="opencv_photo">
      <UniqueIdentifier>{3eeb7b1b-dbed-46e5-a60a-4df2707895f2}</UniqueIdentifier>
    </Filter>
    <Filter Include="opencv_photo\src">
      <UniqueIdentifier>{656fa3f0-34e6-41fb-8446-7d0b6cb8e761}</UniqueIdentifier>
    </Filter>
    <Filter Include="opencv_photo\src\kernels">
      <UniqueIdentifier>{08e095f2-de9a-4a98-8e29-dff70574b3d5}</UniqueIdentifier>
    </Filter>
    <Filter Include="opencv_photo\src\kernels\autogenerated">
      <UniqueIdentifier>{98d9d817-d707-43b9-8bb5-fa41f2eb658d}</UniqueIdentifier>
    </Filter>
    <Filter Include="opencv_shape">
      <UniqueIdentifier>{5a1cf46c-bd54-4a29-a270-a5813a416a31}</UniqueIdentifier>
    </Filter>
    <Filter Include="opencv_shape\src">
      <UniqueIdentifier>{c9cc4851-d36f-4614-a6b5-b646ac7ff167}</UniqueIdentifier>
    </Filter>
    <Filter Include="opencv_objdetect">
      <UniqueIdentifier>{43d4713b-8968-41df-8f6e-4d2146987f16}</UniqueIdentifier>
    </Filter>
    <Filter Include="opencv_objdetect\src">
      <UniqueIdentifier>{ca05804b-a00d-4344-b8da-2f666c08fd3d}</UniqueIdentifier>
    </Filter>
    <Filter Include="opencv_objdetect\src\kernels">
      <UniqueIdentifier>{23537688-8344-48e1-b8ad-60d992eb2517}</UniqueIdentifier>
    </Filter>
    <Filter Include="opencv_objdetect\src\kernels\autogenerated">
      <UniqueIdentifier>{7b428f3c-e438-4a0c-8121-9348aa1db498}</UniqueIdentifier>
    </Filter>
    <Filter Include="opencv_superres">
      <UniqueIdentifier>{1a440bda-d7c2-4438-90ed-6a298d3bede1}</UniqueIdentifier>
    </Filter>
    <Filter Include="opencv_superres\opencl">
      <UniqueIdentifier>{c2e4402a-9665-4e78-ae56-6d901daa837b}</UniqueIdentifier>
    </Filter>
    <Filter Include="opencv_superres\opencl\kernels">
      <UniqueIdentifier>{5baf41c6-685d-43c5-87da-369da1e5430a}</UniqueIdentifier>
    </Filter>
    <Filter Include="opencv_superres\opencl\kernels\autogenerated">
      <UniqueIdentifier>{37f7ea0b-6669-40a1-a550-efe13694568f}</UniqueIdentifier>
    </Filter>
    <Filter Include="opencv_features2d">
      <UniqueIdentifier>{412f396f-684d-4b33-b2cc-362bd33ed6e4}</UniqueIdentifier>
    </Filter>
    <Filter Include="opencv_features2d\src">
      <UniqueIdentifier>{f3251366-8a3e-4f13-92c3-c836f06b6216}</UniqueIdentifier>
    </Filter>
    <Filter Include="opencv_features2d\src\kaze">
      <UniqueIdentifier>{3a17c70f-9709-4363-a3d7-251ccffbcb50}</UniqueIdentifier>
    </Filter>
    <Filter Include="opencv_features2d\src\opencl">
      <UniqueIdentifier>{61986706-c9a8-43d2-99ea-4c1391c4e2bc}</UniqueIdentifier>
    </Filter>
    <Filter Include="opencv_features2d\src\opencl\autogenerated">
      <UniqueIdentifier>{f393137e-337c-4646-a821-6837dfc35022}</UniqueIdentifier>
    </Filter>
    <Filter Include="opencv_calib3d">
      <UniqueIdentifier>{130d2706-0f66-4a35-bce2-fc09c8b89116}</UniqueIdentifier>
    </Filter>
    <Filter Include="opencv_calib3d\src">
      <UniqueIdentifier>{eeca40b3-c742-4e13-a3ed-133f3aa4a3a5}</UniqueIdentifier>
    </Filter>
    <Filter Include="opencv_calib3d\src\opencl">
      <UniqueIdentifier>{6deb9f68-fb77-4237-afb3-72b39068f201}</UniqueIdentifier>
    </Filter>
    <Filter Include="opencv_calib3d\src\opencl\kernels">
      <UniqueIdentifier>{6b6bae98-658a-4fa4-a935-deafce4756aa}</UniqueIdentifier>
    </Filter>
    <Filter Include="opencv_calib3d\src\opencl\kernels\autogenerated">
      <UniqueIdentifier>{35beef74-45e1-4baa-a697-677e50f8a4ad}</UniqueIdentifier>
    </Filter>
    <Filter Include="opencv_stitching">
      <UniqueIdentifier>{bb04b5fd-3767-469b-9c1e-dd68c3998ab9}</UniqueIdentifier>
    </Filter>
    <Filter Include="opencv_stitching\src">
      <UniqueIdentifier>{b2a28ad4-fe3a-4c54-873c-0b24f9fed4f8}</UniqueIdentifier>
    </Filter>
    <Filter Include="opencv_stitching\src\opencl">
      <UniqueIdentifier>{d8d0369c-8505-4c73-98f7-ce7c51b3cfae}</UniqueIdentifier>
    </Filter>
    <Filter Include="opencv_stitching\src\opencl\kernels">
      <UniqueIdentifier>{3612ba11-4c50-4ccc-8453-3d753e2e4faa}</UniqueIdentifier>
    </Filter>
    <Filter Include="opencv_stitching\src\opencl\kernels\autogenerated">
      <UniqueIdentifier>{2dc321a5-f160-4dd3-9b52-4f3b519a7e94}</UniqueIdentifier>
    </Filter>
    <Filter Include="opencv_videostab">
      <UniqueIdentifier>{69d492cf-afe7-46a7-8e30-d34651e8a31c}</UniqueIdentifier>
    </Filter>
    <Filter Include="opencv_videostab\src">
      <UniqueIdentifier>{d98cc0b0-6e47-4df6-af66-dcd8075bd80b}</UniqueIdentifier>
    </Filter>
    <Filter Include="zlib">
      <UniqueIdentifier>{312f9bd5-360e-46f4-a46a-e45388a966d8}</UniqueIdentifier>
    </Filter>
    <Filter Include="ippiw">
      <UniqueIdentifier>{4c9e628e-9382-4e45-a755-b727afe28178}</UniqueIdentifier>
    </Filter>
    <Filter Include="opencv_core\src\utils">
      <UniqueIdentifier>{f84edb2b-bdb9-4d63-a46f-97b1eb0dab51}</UniqueIdentifier>
    </Filter>
  </ItemGroup>
  <ItemGroup>
    <ClCompile Include="..\..\modules\core\src\algorithm.cpp">
      <Filter>opencv_core\src</Filter>
    </ClCompile>
    <ClCompile Include="..\..\modules\core\src\alloc.cpp">
      <Filter>opencv_core\src</Filter>
    </ClCompile>
    <ClCompile Include="..\..\modules\core\src\arithm.cpp">
      <Filter>opencv_core\src</Filter>
    </ClCompile>
    <ClCompile Include="..\..\modules\core\src\array.cpp">
      <Filter>opencv_core\src</Filter>
    </ClCompile>
    <ClCompile Include="..\..\modules\core\src\command_line_parser.cpp">
      <Filter>opencv_core\src</Filter>
    </ClCompile>
    <ClCompile Include="..\..\modules\core\src\conjugate_gradient.cpp">
      <Filter>opencv_core\src</Filter>
    </ClCompile>
    <ClCompile Include="..\..\modules\core\src\convert.cpp">
      <Filter>opencv_core\src</Filter>
    </ClCompile>
    <ClCompile Include="..\..\modules\core\src\copy.cpp">
      <Filter>opencv_core\src</Filter>
    </ClCompile>
    <ClCompile Include="..\..\modules\core\src\cuda_gpu_mat.cpp">
      <Filter>opencv_core\src</Filter>
    </ClCompile>
    <ClCompile Include="..\..\modules\core\src\cuda_host_mem.cpp">
      <Filter>opencv_core\src</Filter>
    </ClCompile>
    <ClCompile Include="..\..\modules\core\src\cuda_info.cpp">
      <Filter>opencv_core\src</Filter>
    </ClCompile>
    <ClCompile Include="..\..\modules\core\src\cuda_stream.cpp">
      <Filter>opencv_core\src</Filter>
    </ClCompile>
    <ClCompile Include="..\..\modules\core\src\datastructs.cpp">
      <Filter>opencv_core\src</Filter>
    </ClCompile>
    <ClCompile Include="..\..\modules\core\src\directx.cpp">
      <Filter>opencv_core\src</Filter>
    </ClCompile>
    <ClCompile Include="..\..\modules\core\src\downhill_simplex.cpp">
      <Filter>opencv_core\src</Filter>
    </ClCompile>
    <ClCompile Include="..\..\modules\core\src\dxt.cpp">
      <Filter>opencv_core\src</Filter>
    </ClCompile>
    <ClCompile Include="..\..\modules\core\src\gl_core_3_1.cpp">
      <Filter>opencv_core\src</Filter>
    </ClCompile>
    <ClCompile Include="..\..\modules\core\src\glob.cpp">
      <Filter>opencv_core\src</Filter>
    </ClCompile>
    <ClCompile Include="..\..\modules\core\src\hal_internal.cpp">
      <Filter>opencv_core\src</Filter>
    </ClCompile>
    <ClCompile Include="..\..\modules\core\src\kmeans.cpp">
      <Filter>opencv_core\src</Filter>
    </ClCompile>
    <ClCompile Include="..\..\modules\core\src\lapack.cpp">
      <Filter>opencv_core\src</Filter>
    </ClCompile>
    <ClCompile Include="..\..\modules\core\src\lda.cpp">
      <Filter>opencv_core\src</Filter>
    </ClCompile>
    <ClCompile Include="..\..\modules\core\src\lpsolver.cpp">
      <Filter>opencv_core\src</Filter>
    </ClCompile>
    <ClCompile Include="..\..\modules\core\src\mathfuncs.cpp">
      <Filter>opencv_core\src</Filter>
    </ClCompile>
    <ClCompile Include="..\..\modules\core\src\matmul.cpp">
      <Filter>opencv_core\src</Filter>
    </ClCompile>
    <ClCompile Include="..\..\modules\core\src\matrix.cpp">
      <Filter>opencv_core\src</Filter>
    </ClCompile>
    <ClCompile Include="..\..\modules\core\src\matrix_decomp.cpp">
      <Filter>opencv_core\src</Filter>
    </ClCompile>
    <ClCompile Include="..\..\modules\core\src\merge.cpp">
      <Filter>opencv_core\src</Filter>
    </ClCompile>
    <ClCompile Include="..\..\modules\core\src\ocl.cpp">
      <Filter>opencv_core\src</Filter>
    </ClCompile>
    <ClCompile Include="..\..\modules\core\src\opengl.cpp">
      <Filter>opencv_core\src</Filter>
    </ClCompile>
    <ClCompile Include="..\..\modules\core\src\out.cpp">
      <Filter>opencv_core\src</Filter>
    </ClCompile>
    <ClCompile Include="..\..\modules\core\src\ovx.cpp">
      <Filter>opencv_core\src</Filter>
    </ClCompile>
    <ClCompile Include="..\..\modules\core\src\parallel.cpp">
      <Filter>opencv_core\src</Filter>
    </ClCompile>
    <ClCompile Include="..\..\modules\core\src\pca.cpp">
      <Filter>opencv_core\src</Filter>
    </ClCompile>
    <ClCompile Include="..\..\modules\core\src\persistence.cpp">
      <Filter>opencv_core\src</Filter>
    </ClCompile>
    <ClCompile Include="..\..\modules\core\src\rand.cpp">
      <Filter>opencv_core\src</Filter>
    </ClCompile>
    <ClCompile Include="..\..\modules\core\src\split.cpp">
      <Filter>opencv_core\src</Filter>
    </ClCompile>
    <ClCompile Include="..\..\modules\core\src\stl.cpp">
      <Filter>opencv_core\src</Filter>
    </ClCompile>
    <ClCompile Include="..\..\modules\core\src\system.cpp">
      <Filter>opencv_core\src</Filter>
    </ClCompile>
    <ClCompile Include="..\..\modules\core\src\tables.cpp">
      <Filter>opencv_core\src</Filter>
    </ClCompile>
    <ClCompile Include="..\..\modules\core\src\types.cpp">
      <Filter>opencv_core\src</Filter>
    </ClCompile>
    <ClCompile Include="..\..\modules\core\src\umatrix.cpp">
      <Filter>opencv_core\src</Filter>
    </ClCompile>
    <ClCompile Include="..\..\modules\core\src\va_intel.cpp">
      <Filter>opencv_core\src</Filter>
    </ClCompile>
    <ClCompile Include="..\..\modules\core\src\opencl\runtime\opencl_clamdblas.cpp">
      <Filter>opencv_core\src\opencl\runtime</Filter>
    </ClCompile>
    <ClCompile Include="..\..\modules\core\src\opencl\runtime\opencl_clamdfft.cpp">
      <Filter>opencv_core\src\opencl\runtime</Filter>
    </ClCompile>
    <ClCompile Include="..\..\modules\core\src\opencl\runtime\opencl_core.cpp">
      <Filter>opencv_core\src\opencl\runtime</Filter>
    </ClCompile>
    <ClCompile Include="..\..\modules\imgproc\src\accum.cpp">
      <Filter>opencv_imgproc\src</Filter>
    </ClCompile>
    <ClCompile Include="..\..\modules\imgproc\src\approx.cpp">
      <Filter>opencv_imgproc\src</Filter>
    </ClCompile>
    <ClCompile Include="..\..\modules\imgproc\src\blend.cpp">
      <Filter>opencv_imgproc\src</Filter>
    </ClCompile>
    <ClCompile Include="..\..\modules\imgproc\src\canny.cpp">
      <Filter>opencv_imgproc\src</Filter>
    </ClCompile>
    <ClCompile Include="..\..\modules\imgproc\src\clahe.cpp">
      <Filter>opencv_imgproc\src</Filter>
    </ClCompile>
    <ClCompile Include="..\..\modules\imgproc\src\color.cpp">
      <Filter>opencv_imgproc\src</Filter>
    </ClCompile>
    <ClCompile Include="..\..\modules\imgproc\src\colormap.cpp">
      <Filter>opencv_imgproc\src</Filter>
    </ClCompile>
    <ClCompile Include="..\..\modules\imgproc\src\connectedcomponents.cpp">
      <Filter>opencv_imgproc\src</Filter>
    </ClCompile>
    <ClCompile Include="..\..\modules\imgproc\src\contours.cpp">
      <Filter>opencv_imgproc\src</Filter>
    </ClCompile>
    <ClCompile Include="..\..\modules\imgproc\src\convhull.cpp">
      <Filter>opencv_imgproc\src</Filter>
    </ClCompile>
    <ClCompile Include="..\..\modules\imgproc\src\corner.cpp">
      <Filter>opencv_imgproc\src</Filter>
    </ClCompile>
    <ClCompile Include="..\..\modules\imgproc\src\cornersubpix.cpp">
      <Filter>opencv_imgproc\src</Filter>
    </ClCompile>
    <ClCompile Include="..\..\modules\imgproc\src\demosaicing.cpp">
      <Filter>opencv_imgproc\src</Filter>
    </ClCompile>
    <ClCompile Include="..\..\modules\imgproc\src\deriv.cpp">
      <Filter>opencv_imgproc\src</Filter>
    </ClCompile>
    <ClCompile Include="..\..\modules\imgproc\src\distransform.cpp">
      <Filter>opencv_imgproc\src</Filter>
    </ClCompile>
    <ClCompile Include="..\..\modules\imgproc\src\drawing.cpp">
      <Filter>opencv_imgproc\src</Filter>
    </ClCompile>
    <ClCompile Include="..\..\modules\imgproc\src\emd.cpp">
      <Filter>opencv_imgproc\src</Filter>
    </ClCompile>
    <ClCompile Include="..\..\modules\imgproc\src\featureselect.cpp">
      <Filter>opencv_imgproc\src</Filter>
    </ClCompile>
    <ClCompile Include="..\..\modules\imgproc\src\filter.cpp">
      <Filter>opencv_imgproc\src</Filter>
    </ClCompile>
    <ClCompile Include="..\..\modules\imgproc\src\floodfill.cpp">
      <Filter>opencv_imgproc\src</Filter>
    </ClCompile>
    <ClCompile Include="..\..\modules\imgproc\src\gabor.cpp">
      <Filter>opencv_imgproc\src</Filter>
    </ClCompile>
    <ClCompile Include="..\..\modules\imgproc\src\generalized_hough.cpp">
      <Filter>opencv_imgproc\src</Filter>
    </ClCompile>
    <ClCompile Include="..\..\modules\imgproc\src\geometry.cpp">
      <Filter>opencv_imgproc\src</Filter>
    </ClCompile>
    <ClCompile Include="..\..\modules\imgproc\src\grabcut.cpp">
      <Filter>opencv_imgproc\src</Filter>
    </ClCompile>
    <ClCompile Include="..\..\modules\imgproc\src\hershey_fonts.cpp">
      <Filter>opencv_imgproc\src</Filter>
    </ClCompile>
    <ClCompile Include="..\..\modules\imgproc\src\histogram.cpp">
      <Filter>opencv_imgproc\src</Filter>
    </ClCompile>
    <ClCompile Include="..\..\modules\imgproc\src\hough.cpp">
      <Filter>opencv_imgproc\src</Filter>
    </ClCompile>
    <ClCompile Include="..\..\modules\imgproc\src\imgwarp.cpp">
      <Filter>opencv_imgproc\src</Filter>
    </ClCompile>
    <ClCompile Include="..\..\modules\imgproc\src\intersection.cpp">
      <Filter>opencv_imgproc\src</Filter>
    </ClCompile>
    <ClCompile Include="..\..\modules\imgproc\src\linefit.cpp">
      <Filter>opencv_imgproc\src</Filter>
    </ClCompile>
    <ClCompile Include="..\..\modules\imgproc\src\lsd.cpp">
      <Filter>opencv_imgproc\src</Filter>
    </ClCompile>
    <ClCompile Include="..\..\modules\imgproc\src\main.cpp">
      <Filter>opencv_imgproc\src</Filter>
    </ClCompile>
    <ClCompile Include="..\..\modules\imgproc\src\matchcontours.cpp">
      <Filter>opencv_imgproc\src</Filter>
    </ClCompile>
    <ClCompile Include="..\..\modules\imgproc\src\min_enclosing_triangle.cpp">
      <Filter>opencv_imgproc\src</Filter>
    </ClCompile>
    <ClCompile Include="..\..\modules\imgproc\src\moments.cpp">
      <Filter>opencv_imgproc\src</Filter>
    </ClCompile>
    <ClCompile Include="..\..\modules\imgproc\src\morph.cpp">
      <Filter>opencv_imgproc\src</Filter>
    </ClCompile>
    <ClCompile Include="..\..\modules\imgproc\src\phasecorr.cpp">
      <Filter>opencv_imgproc\src</Filter>
    </ClCompile>
    <ClCompile Include="..\..\modules\imgproc\src\pyramids.cpp">
      <Filter>opencv_imgproc\src</Filter>
    </ClCompile>
    <ClCompile Include="..\..\modules\imgproc\src\rotcalipers.cpp">
      <Filter>opencv_imgproc\src</Filter>
    </ClCompile>
    <ClCompile Include="..\..\modules\imgproc\src\samplers.cpp">
      <Filter>opencv_imgproc\src</Filter>
    </ClCompile>
    <ClCompile Include="..\..\modules\imgproc\src\segmentation.cpp">
      <Filter>opencv_imgproc\src</Filter>
    </ClCompile>
    <ClCompile Include="..\..\modules\imgproc\src\shapedescr.cpp">
      <Filter>opencv_imgproc\src</Filter>
    </ClCompile>
    <ClCompile Include="..\..\modules\imgproc\src\smooth.cpp">
      <Filter>opencv_imgproc\src</Filter>
    </ClCompile>
    <ClCompile Include="..\..\modules\imgproc\src\spatialgradient.cpp">
      <Filter>opencv_imgproc\src</Filter>
    </ClCompile>
    <ClCompile Include="..\..\modules\imgproc\src\subdivision2d.cpp">
      <Filter>opencv_imgproc\src</Filter>
    </ClCompile>
    <ClCompile Include="..\..\modules\imgproc\src\sumpixels.cpp">
      <Filter>opencv_imgproc\src</Filter>
    </ClCompile>
    <ClCompile Include="..\..\modules\imgproc\src\tables.cpp">
      <Filter>opencv_imgproc\src</Filter>
    </ClCompile>
    <ClCompile Include="..\..\modules\imgproc\src\templmatch.cpp">
      <Filter>opencv_imgproc\src</Filter>
    </ClCompile>
    <ClCompile Include="..\..\modules\imgproc\src\thresh.cpp">
      <Filter>opencv_imgproc\src</Filter>
    </ClCompile>
    <ClCompile Include="..\..\modules\imgproc\src\undistort.cpp">
      <Filter>opencv_imgproc\src</Filter>
    </ClCompile>
    <ClCompile Include="..\..\modules\imgproc\src\utils.cpp">
      <Filter>opencv_imgproc\src</Filter>
    </ClCompile>
    <ClCompile Include="..\..\modules\flann\src\flann.cpp">
      <Filter>opencv_flann\src</Filter>
    </ClCompile>
    <ClCompile Include="..\..\modules\flann\src\miniflann.cpp">
      <Filter>opencv_flann\src</Filter>
    </ClCompile>
    <ClCompile Include="..\..\modules\video\src\bgfg_gaussmix2.cpp">
      <Filter>opencv_video\src</Filter>
    </ClCompile>
    <ClCompile Include="..\..\modules\video\src\bgfg_KNN.cpp">
      <Filter>opencv_video\src</Filter>
    </ClCompile>
    <ClCompile Include="..\..\modules\video\src\camshift.cpp">
      <Filter>opencv_video\src</Filter>
    </ClCompile>
    <ClCompile Include="..\..\modules\video\src\compat_video.cpp">
      <Filter>opencv_video\src</Filter>
    </ClCompile>
    <ClCompile Include="..\..\modules\video\src\ecc.cpp">
      <Filter>opencv_video\src</Filter>
    </ClCompile>
    <ClCompile Include="..\..\modules\video\src\kalman.cpp">
      <Filter>opencv_video\src</Filter>
    </ClCompile>
    <ClCompile Include="..\..\modules\video\src\lkpyramid.cpp">
      <Filter>opencv_video\src</Filter>
    </ClCompile>
    <ClCompile Include="..\..\modules\video\src\optflowgf.cpp">
      <Filter>opencv_video\src</Filter>
    </ClCompile>
    <ClCompile Include="..\..\modules\video\src\tvl1flow.cpp">
      <Filter>opencv_video\src</Filter>
    </ClCompile>
    <ClCompile Include="..\..\modules\ml\src\ann_mlp.cpp">
      <Filter>opencv_ml\src</Filter>
    </ClCompile>
    <ClCompile Include="..\..\modules\ml\src\boost.cpp">
      <Filter>opencv_ml\src</Filter>
    </ClCompile>
    <ClCompile Include="..\..\modules\ml\src\data.cpp">
      <Filter>opencv_ml\src</Filter>
    </ClCompile>
    <ClCompile Include="..\..\modules\ml\src\em.cpp">
      <Filter>opencv_ml\src</Filter>
    </ClCompile>
    <ClCompile Include="..\..\modules\ml\src\gbt.cpp">
      <Filter>opencv_ml\src</Filter>
    </ClCompile>
    <ClCompile Include="..\..\modules\ml\src\inner_functions.cpp">
      <Filter>opencv_ml\src</Filter>
    </ClCompile>
    <ClCompile Include="..\..\modules\ml\src\kdtree.cpp">
      <Filter>opencv_ml\src</Filter>
    </ClCompile>
    <ClCompile Include="..\..\modules\ml\src\knearest.cpp">
      <Filter>opencv_ml\src</Filter>
    </ClCompile>
    <ClCompile Include="..\..\modules\ml\src\lr.cpp">
      <Filter>opencv_ml\src</Filter>
    </ClCompile>
    <ClCompile Include="..\..\modules\ml\src\nbayes.cpp">
      <Filter>opencv_ml\src</Filter>
    </ClCompile>
    <ClCompile Include="..\..\modules\ml\src\rtrees.cpp">
      <Filter>opencv_ml\src</Filter>
    </ClCompile>
    <ClCompile Include="..\..\modules\ml\src\svm.cpp">
      <Filter>opencv_ml\src</Filter>
    </ClCompile>
    <ClCompile Include="..\..\modules\ml\src\svmsgd.cpp">
      <Filter>opencv_ml\src</Filter>
    </ClCompile>
    <ClCompile Include="..\..\modules\ml\src\testset.cpp">
      <Filter>opencv_ml\src</Filter>
    </ClCompile>
    <ClCompile Include="..\..\modules\ml\src\tree.cpp">
      <Filter>opencv_ml\src</Filter>
    </ClCompile>
    <ClCompile Include="..\..\modules\photo\src\align.cpp">
      <Filter>opencv_photo\src</Filter>
    </ClCompile>
    <ClCompile Include="..\..\modules\photo\src\calibrate.cpp">
      <Filter>opencv_photo\src</Filter>
    </ClCompile>
    <ClCompile Include="..\..\modules\photo\src\contrast_preserve.cpp">
      <Filter>opencv_photo\src</Filter>
    </ClCompile>
    <ClCompile Include="..\..\modules\photo\src\denoise_tvl1.cpp">
      <Filter>opencv_photo\src</Filter>
    </ClCompile>
    <ClCompile Include="..\..\modules\photo\src\denoising.cpp">
      <Filter>opencv_photo\src</Filter>
    </ClCompile>
    <ClCompile Include="..\..\modules\photo\src\denoising.cuda.cpp">
      <Filter>opencv_photo\src</Filter>
    </ClCompile>
    <ClCompile Include="..\..\modules\photo\src\hdr_common.cpp">
      <Filter>opencv_photo\src</Filter>
    </ClCompile>
    <ClCompile Include="..\..\modules\photo\src\inpaint.cpp">
      <Filter>opencv_photo\src</Filter>
    </ClCompile>
    <ClCompile Include="..\..\modules\photo\src\merge.cpp">
      <Filter>opencv_photo\src</Filter>
    </ClCompile>
    <ClCompile Include="..\..\modules\photo\src\npr.cpp">
      <Filter>opencv_photo\src</Filter>
    </ClCompile>
    <ClCompile Include="..\..\modules\photo\src\seamless_cloning.cpp">
      <Filter>opencv_photo\src</Filter>
    </ClCompile>
    <ClCompile Include="..\..\modules\photo\src\seamless_cloning_impl.cpp">
      <Filter>opencv_photo\src</Filter>
    </ClCompile>
    <ClCompile Include="..\..\modules\photo\src\tonemap.cpp">
      <Filter>opencv_photo\src</Filter>
    </ClCompile>
    <ClCompile Include="..\..\modules\shape\src\aff_trans.cpp">
      <Filter>opencv_shape\src</Filter>
    </ClCompile>
    <ClCompile Include="..\..\modules\shape\src\emdL1.cpp">
      <Filter>opencv_shape\src</Filter>
    </ClCompile>
    <ClCompile Include="..\..\modules\shape\src\haus_dis.cpp">
      <Filter>opencv_shape\src</Filter>
    </ClCompile>
    <ClCompile Include="..\..\modules\shape\src\hist_cost.cpp">
      <Filter>opencv_shape\src</Filter>
    </ClCompile>
    <ClCompile Include="..\..\modules\shape\src\sc_dis.cpp">
      <Filter>opencv_shape\src</Filter>
    </ClCompile>
    <ClCompile Include="..\..\modules\shape\src\tps_trans.cpp">
      <Filter>opencv_shape\src</Filter>
    </ClCompile>
    <ClCompile Include="..\..\modules\objdetect\src\cascadedetect.cpp">
      <Filter>opencv_objdetect\src</Filter>
    </ClCompile>
    <ClCompile Include="..\..\modules\objdetect\src\cascadedetect_convert.cpp">
      <Filter>opencv_objdetect\src</Filter>
    </ClCompile>
    <ClCompile Include="..\..\modules\objdetect\src\detection_based_tracker.cpp">
      <Filter>opencv_objdetect\src</Filter>
    </ClCompile>
    <ClCompile Include="..\..\modules\objdetect\src\haar.cpp">
      <Filter>opencv_objdetect\src</Filter>
    </ClCompile>
    <ClCompile Include="..\..\modules\objdetect\src\hog.cpp">
      <Filter>opencv_objdetect\src</Filter>
    </ClCompile>
    <ClCompile Include="..\..\modules\objdetect\src\main.cpp">
      <Filter>opencv_objdetect\src</Filter>
    </ClCompile>
    <ClCompile Include="..\..\modules\superres\src\btv_l1.cpp">
      <Filter>opencv_superres</Filter>
    </ClCompile>
    <ClCompile Include="..\..\modules\superres\src\btv_l1_cuda.cpp">
      <Filter>opencv_superres</Filter>
    </ClCompile>
    <ClCompile Include="..\..\modules\superres\src\frame_source.cpp">
      <Filter>opencv_superres</Filter>
    </ClCompile>
    <ClCompile Include="..\..\modules\superres\src\input_array_utility.cpp">
      <Filter>opencv_superres</Filter>
    </ClCompile>
    <ClCompile Include="..\..\modules\superres\src\optical_flow.cpp">
      <Filter>opencv_superres</Filter>
    </ClCompile>
    <ClCompile Include="..\..\modules\superres\src\super_resolution.cpp">
      <Filter>opencv_superres</Filter>
    </ClCompile>
    <ClCompile Include="..\..\modules\features2d\src\agast.cpp">
      <Filter>opencv_features2d\src</Filter>
    </ClCompile>
    <ClCompile Include="..\..\modules\features2d\src\agast_score.cpp">
      <Filter>opencv_features2d\src</Filter>
    </ClCompile>
    <ClCompile Include="..\..\modules\features2d\src\akaze.cpp">
      <Filter>opencv_features2d\src</Filter>
    </ClCompile>
    <ClCompile Include="..\..\modules\features2d\src\bagofwords.cpp">
      <Filter>opencv_features2d\src</Filter>
    </ClCompile>
    <ClCompile Include="..\..\modules\features2d\src\blobdetector.cpp">
      <Filter>opencv_features2d\src</Filter>
    </ClCompile>
    <ClCompile Include="..\..\modules\features2d\src\brisk.cpp">
      <Filter>opencv_features2d\src</Filter>
    </ClCompile>
    <ClCompile Include="..\..\modules\features2d\src\draw.cpp">
      <Filter>opencv_features2d\src</Filter>
    </ClCompile>
    <ClCompile Include="..\..\modules\features2d\src\dynamic.cpp">
      <Filter>opencv_features2d\src</Filter>
    </ClCompile>
    <ClCompile Include="..\..\modules\features2d\src\evaluation.cpp">
      <Filter>opencv_features2d\src</Filter>
    </ClCompile>
    <ClCompile Include="..\..\modules\features2d\src\fast.cpp">
      <Filter>opencv_features2d\src</Filter>
    </ClCompile>
    <ClCompile Include="..\..\modules\features2d\src\fast_score.cpp">
      <Filter>opencv_features2d\src</Filter>
    </ClCompile>
    <ClCompile Include="..\..\modules\features2d\src\feature2d.cpp">
      <Filter>opencv_features2d\src</Filter>
    </ClCompile>
    <ClCompile Include="..\..\modules\features2d\src\gftt.cpp">
      <Filter>opencv_features2d\src</Filter>
    </ClCompile>
    <ClCompile Include="..\..\modules\features2d\src\kaze.cpp">
      <Filter>opencv_features2d\src</Filter>
    </ClCompile>
    <ClCompile Include="..\..\modules\features2d\src\keypoint.cpp">
      <Filter>opencv_features2d\src</Filter>
    </ClCompile>
    <ClCompile Include="..\..\modules\features2d\src\main.cpp">
      <Filter>opencv_features2d\src</Filter>
    </ClCompile>
    <ClCompile Include="..\..\modules\features2d\src\matchers.cpp">
      <Filter>opencv_features2d\src</Filter>
    </ClCompile>
    <ClCompile Include="..\..\modules\features2d\src\mser.cpp">
      <Filter>opencv_features2d\src</Filter>
    </ClCompile>
    <ClCompile Include="..\..\modules\features2d\src\orb.cpp">
      <Filter>opencv_features2d\src</Filter>
    </ClCompile>
    <ClCompile Include="..\..\modules\features2d\src\kaze\AKAZEFeatures.cpp">
      <Filter>opencv_features2d\src\kaze</Filter>
    </ClCompile>
    <ClCompile Include="..\..\modules\features2d\src\kaze\fed.cpp">
      <Filter>opencv_features2d\src\kaze</Filter>
    </ClCompile>
    <ClCompile Include="..\..\modules\features2d\src\kaze\KAZEFeatures.cpp">
      <Filter>opencv_features2d\src\kaze</Filter>
    </ClCompile>
    <ClCompile Include="..\..\modules\features2d\src\kaze\nldiffusion_functions.cpp">
      <Filter>opencv_features2d\src\kaze</Filter>
    </ClCompile>
    <ClCompile Include="..\..\modules\calib3d\src\calibinit.cpp">
      <Filter>opencv_calib3d\src</Filter>
    </ClCompile>
    <ClCompile Include="..\..\modules\calib3d\src\calibration.cpp">
      <Filter>opencv_calib3d\src</Filter>
    </ClCompile>
    <ClCompile Include="..\..\modules\calib3d\src\checkchessboard.cpp">
      <Filter>opencv_calib3d\src</Filter>
    </ClCompile>
    <ClCompile Include="..\..\modules\calib3d\src\circlesgrid.cpp">
      <Filter>opencv_calib3d\src</Filter>
    </ClCompile>
    <ClCompile Include="..\..\modules\calib3d\src\compat_ptsetreg.cpp">
      <Filter>opencv_calib3d\src</Filter>
    </ClCompile>
    <ClCompile Include="..\..\modules\calib3d\src\compat_stereo.cpp">
      <Filter>opencv_calib3d\src</Filter>
    </ClCompile>
    <ClCompile Include="..\..\modules\calib3d\src\dls.cpp">
      <Filter>opencv_calib3d\src</Filter>
    </ClCompile>
    <ClCompile Include="..\..\modules\calib3d\src\epnp.cpp">
      <Filter>opencv_calib3d\src</Filter>
    </ClCompile>
    <ClCompile Include="..\..\modules\calib3d\src\fisheye.cpp">
      <Filter>opencv_calib3d\src</Filter>
    </ClCompile>
    <ClCompile Include="..\..\modules\calib3d\src\five-point.cpp">
      <Filter>opencv_calib3d\src</Filter>
    </ClCompile>
    <ClCompile Include="..\..\modules\calib3d\src\fundam.cpp">
      <Filter>opencv_calib3d\src</Filter>
    </ClCompile>
    <ClCompile Include="..\..\modules\calib3d\src\homography_decomp.cpp">
      <Filter>opencv_calib3d\src</Filter>
    </ClCompile>
    <ClCompile Include="..\..\modules\calib3d\src\levmarq.cpp">
      <Filter>opencv_calib3d\src</Filter>
    </ClCompile>
    <ClCompile Include="..\..\modules\calib3d\src\main.cpp">
      <Filter>opencv_calib3d\src</Filter>
    </ClCompile>
    <ClCompile Include="..\..\modules\calib3d\src\p3p.cpp">
      <Filter>opencv_calib3d\src</Filter>
    </ClCompile>
    <ClCompile Include="..\..\modules\calib3d\src\polynom_solver.cpp">
      <Filter>opencv_calib3d\src</Filter>
    </ClCompile>
    <ClCompile Include="..\..\modules\calib3d\src\posit.cpp">
      <Filter>opencv_calib3d\src</Filter>
    </ClCompile>
    <ClCompile Include="..\..\modules\calib3d\src\ptsetreg.cpp">
      <Filter>opencv_calib3d\src</Filter>
    </ClCompile>
    <ClCompile Include="..\..\modules\calib3d\src\quadsubpix.cpp">
      <Filter>opencv_calib3d\src</Filter>
    </ClCompile>
    <ClCompile Include="..\..\modules\calib3d\src\rho.cpp">
      <Filter>opencv_calib3d\src</Filter>
    </ClCompile>
    <ClCompile Include="..\..\modules\calib3d\src\solvepnp.cpp">
      <Filter>opencv_calib3d\src</Filter>
    </ClCompile>
    <ClCompile Include="..\..\modules\calib3d\src\stereobm.cpp">
      <Filter>opencv_calib3d\src</Filter>
    </ClCompile>
    <ClCompile Include="..\..\modules\calib3d\src\stereosgbm.cpp">
      <Filter>opencv_calib3d\src</Filter>
    </ClCompile>
    <ClCompile Include="..\..\modules\calib3d\src\triangulate.cpp">
      <Filter>opencv_calib3d\src</Filter>
    </ClCompile>
    <ClCompile Include="..\..\modules\calib3d\src\upnp.cpp">
      <Filter>opencv_calib3d\src</Filter>
    </ClCompile>
    <ClCompile Include="..\..\modules\stitching\src\autocalib.cpp">
      <Filter>opencv_stitching\src</Filter>
    </ClCompile>
    <ClCompile Include="..\..\modules\stitching\src\blenders.cpp">
      <Filter>opencv_stitching\src</Filter>
    </ClCompile>
    <ClCompile Include="..\..\modules\stitching\src\camera.cpp">
      <Filter>opencv_stitching\src</Filter>
    </ClCompile>
    <ClCompile Include="..\..\modules\stitching\src\exposure_compensate.cpp">
      <Filter>opencv_stitching\src</Filter>
    </ClCompile>
    <ClCompile Include="..\..\modules\stitching\src\matchers.cpp">
      <Filter>opencv_stitching\src</Filter>
    </ClCompile>
    <ClCompile Include="..\..\modules\stitching\src\motion_estimators.cpp">
      <Filter>opencv_stitching\src</Filter>
    </ClCompile>
    <ClCompile Include="..\..\modules\stitching\src\seam_finders.cpp">
      <Filter>opencv_stitching\src</Filter>
    </ClCompile>
    <ClCompile Include="..\..\modules\stitching\src\stitcher.cpp">
      <Filter>opencv_stitching\src</Filter>
    </ClCompile>
    <ClCompile Include="..\..\modules\stitching\src\timelapsers.cpp">
      <Filter>opencv_stitching\src</Filter>
    </ClCompile>
    <ClCompile Include="..\..\modules\stitching\src\util.cpp">
      <Filter>opencv_stitching\src</Filter>
    </ClCompile>
    <ClCompile Include="..\..\modules\stitching\src\warpers.cpp">
      <Filter>opencv_stitching\src</Filter>
    </ClCompile>
    <ClCompile Include="..\..\modules\stitching\src\warpers_cuda.cpp">
      <Filter>opencv_stitching\src</Filter>
    </ClCompile>
    <ClCompile Include="..\..\modules\videostab\src\deblurring.cpp">
      <Filter>opencv_videostab\src</Filter>
    </ClCompile>
    <ClCompile Include="..\..\modules\videostab\src\fast_marching.cpp">
      <Filter>opencv_videostab\src</Filter>
    </ClCompile>
    <ClCompile Include="..\..\modules\videostab\src\frame_source.cpp">
      <Filter>opencv_videostab\src</Filter>
    </ClCompile>
    <ClCompile Include="..\..\modules\videostab\src\global_motion.cpp">
      <Filter>opencv_videostab\src</Filter>
    </ClCompile>
    <ClCompile Include="..\..\modules\videostab\src\inpainting.cpp">
      <Filter>opencv_videostab\src</Filter>
    </ClCompile>
    <ClCompile Include="..\..\modules\videostab\src\log.cpp">
      <Filter>opencv_videostab\src</Filter>
    </ClCompile>
    <ClCompile Include="..\..\modules\videostab\src\motion_stabilizing.cpp">
      <Filter>opencv_videostab\src</Filter>
    </ClCompile>
    <ClCompile Include="..\..\modules\videostab\src\optical_flow.cpp">
      <Filter>opencv_videostab\src</Filter>
    </ClCompile>
    <ClCompile Include="..\..\modules\videostab\src\outlier_rejection.cpp">
      <Filter>opencv_videostab\src</Filter>
    </ClCompile>
    <ClCompile Include="..\..\modules\videostab\src\stabilizer.cpp">
      <Filter>opencv_videostab\src</Filter>
    </ClCompile>
    <ClCompile Include="..\..\modules\videostab\src\wobble_suppression.cpp">
      <Filter>opencv_videostab\src</Filter>
    </ClCompile>
    <ClCompile Include="..\..\3rdparty\zlib\adler32.c">
      <Filter>zlib</Filter>
    </ClCompile>
    <ClCompile Include="..\..\3rdparty\zlib\compress.c">
      <Filter>zlib</Filter>
    </ClCompile>
    <ClCompile Include="..\..\3rdparty\zlib\crc32.c">
      <Filter>zlib</Filter>
    </ClCompile>
    <ClCompile Include="..\..\3rdparty\zlib\deflate.c">
      <Filter>zlib</Filter>
    </ClCompile>
    <ClCompile Include="..\..\3rdparty\zlib\gzclose.c">
      <Filter>zlib</Filter>
    </ClCompile>
    <ClCompile Include="..\..\3rdparty\zlib\gzlib.c">
      <Filter>zlib</Filter>
    </ClCompile>
    <ClCompile Include="..\..\3rdparty\zlib\gzread.c">
      <Filter>zlib</Filter>
    </ClCompile>
    <ClCompile Include="..\..\3rdparty\zlib\gzwrite.c">
      <Filter>zlib</Filter>
    </ClCompile>
    <ClCompile Include="..\..\3rdparty\zlib\infback.c">
      <Filter>zlib</Filter>
    </ClCompile>
    <ClCompile Include="..\..\3rdparty\zlib\inffast.c">
      <Filter>zlib</Filter>
    </ClCompile>
    <ClCompile Include="..\..\3rdparty\zlib\inflate.c">
      <Filter>zlib</Filter>
    </ClCompile>
    <ClCompile Include="..\..\3rdparty\zlib\inftrees.c">
      <Filter>zlib</Filter>
    </ClCompile>
    <ClCompile Include="..\..\3rdparty\zlib\trees.c">
      <Filter>zlib</Filter>
    </ClCompile>
    <ClCompile Include="..\..\3rdparty\zlib\uncompr.c">
      <Filter>zlib</Filter>
    </ClCompile>
    <ClCompile Include="..\..\3rdparty\zlib\zutil.c">
      <Filter>zlib</Filter>
    </ClCompile>
    <ClCompile Include="..\..\modules\calib3d\src\ap3p.cpp">
      <Filter>opencv_calib3d\src</Filter>
    </ClCompile>
    <ClCompile Include="..\..\modules\core\src\mathfuncs_core.dispatch.cpp">
      <Filter>opencv_core\src</Filter>
    </ClCompile>
    <ClCompile Include="..\..\modules\core\src\stat.dispatch.cpp">
      <Filter>opencv_core\src</Filter>
    </ClCompile>
    <ClCompile Include="..\..\modules\imgproc\src\accum.dispatch.cpp">
      <Filter>opencv_imgproc\src</Filter>
    </ClCompile>
    <ClCompile Include="..\..\modules\core\src\convert.fp16.cpp">
      <Filter>opencv_core\src</Filter>
    </ClCompile>
    <ClCompile Include="..\..\modules\core\src\convert.sse4_1.cpp">
      <Filter>opencv_core\src</Filter>
    </ClCompile>
    <ClCompile Include="..\..\modules\imgproc\src\imgwarp.sse4_1.cpp">
      <Filter>opencv_imgproc\src</Filter>
    </ClCompile>
    <ClCompile Include="..\..\modules\objdetect\src\haar.avx.cpp">
      <Filter>opencv_objdetect\src</Filter>
    </ClCompile>
    <ClCompile Include="..\..\modules\core\src\trace.cpp">
      <Filter>opencv_core\src</Filter>
    </ClCompile>
    <ClCompile Include="..\..\modules\imgproc\src\corner.avx.cpp">
      <Filter>opencv_imgproc\src</Filter>
    </ClCompile>
    <ClCompile Include="..\..\modules\core\src\softfloat.cpp">
      <Filter>opencv_core\src</Filter>
    </ClCompile>
    <ClCompile Include="..\..\3rdparty\ippicv\ippiw_win\src\iw_core.c">
      <Filter>ippiw</Filter>
    </ClCompile>
    <ClCompile Include="..\..\3rdparty\ippicv\ippiw_win\src\iw_image.c">
      <Filter>ippiw</Filter>
    </ClCompile>
    <ClCompile Include="..\..\3rdparty\ippicv\ippiw_win\src\iw_image_color_convert_all.c">
      <Filter>ippiw</Filter>
    </ClCompile>
    <ClCompile Include="..\..\3rdparty\ippicv\ippiw_win\src\iw_image_color_convert_rgbs.c">
      <Filter>ippiw</Filter>
    </ClCompile>
    <ClCompile Include="..\..\3rdparty\ippicv\ippiw_win\src\iw_image_filter_bilateral.c">
      <Filter>ippiw</Filter>
    </ClCompile>
    <ClCompile Include="..\..\3rdparty\ippicv\ippiw_win\src\iw_image_filter_box.c">
      <Filter>ippiw</Filter>
    </ClCompile>
    <ClCompile Include="..\..\3rdparty\ippicv\ippiw_win\src\iw_image_filter_canny.c">
      <Filter>ippiw</Filter>
    </ClCompile>
    <ClCompile Include="..\..\3rdparty\ippicv\ippiw_win\src\iw_image_filter_gaussian.c">
      <Filter>ippiw</Filter>
    </ClCompile>
    <ClCompile Include="..\..\3rdparty\ippicv\ippiw_win\src\iw_image_filter_general.c">
      <Filter>ippiw</Filter>
    </ClCompile>
    <ClCompile Include="..\..\3rdparty\ippicv\ippiw_win\src\iw_image_filter_laplacian.c">
      <Filter>ippiw</Filter>
    </ClCompile>
    <ClCompile Include="..\..\3rdparty\ippicv\ippiw_win\src\iw_image_filter_morphology.c">
      <Filter>ippiw</Filter>
    </ClCompile>
    <ClCompile Include="..\..\3rdparty\ippicv\ippiw_win\src\iw_image_filter_scharr.c">
      <Filter>ippiw</Filter>
    </ClCompile>
    <ClCompile Include="..\..\3rdparty\ippicv\ippiw_win\src\iw_image_filter_sobel.c">
      <Filter>ippiw</Filter>
    </ClCompile>
    <ClCompile Include="..\..\3rdparty\ippicv\ippiw_win\src\iw_image_op_copy.c">
      <Filter>ippiw</Filter>
    </ClCompile>
    <ClCompile Include="..\..\3rdparty\ippicv\ippiw_win\src\iw_image_op_copy_channel.c">
      <Filter>ippiw</Filter>
    </ClCompile>
    <ClCompile Include="..\..\3rdparty\ippicv\ippiw_win\src\iw_image_op_copy_make_border.c">
      <Filter>ippiw</Filter>
    </ClCompile>
    <ClCompile Include="..\..\3rdparty\ippicv\ippiw_win\src\iw_image_op_copy_merge.c">
      <Filter>ippiw</Filter>
    </ClCompile>
    <ClCompile Include="..\..\3rdparty\ippicv\ippiw_win\src\iw_image_op_copy_split.c">
      <Filter>ippiw</Filter>
    </ClCompile>
    <ClCompile Include="..\..\3rdparty\ippicv\ippiw_win\src\iw_image_op_scale.c">
      <Filter>ippiw</Filter>
    </ClCompile>
    <ClCompile Include="..\..\3rdparty\ippicv\ippiw_win\src\iw_image_op_set.c">
      <Filter>ippiw</Filter>
    </ClCompile>
    <ClCompile Include="..\..\3rdparty\ippicv\ippiw_win\src\iw_image_op_set_channel.c">
      <Filter>ippiw</Filter>
    </ClCompile>
    <ClCompile Include="..\..\3rdparty\ippicv\ippiw_win\src\iw_image_op_swap_channels.c">
      <Filter>ippiw</Filter>
    </ClCompile>
    <ClCompile Include="..\..\3rdparty\ippicv\ippiw_win\src\iw_image_transform_mirror.c">
      <Filter>ippiw</Filter>
    </ClCompile>
    <ClCompile Include="..\..\3rdparty\ippicv\ippiw_win\src\iw_image_transform_resize.c">
      <Filter>ippiw</Filter>
    </ClCompile>
    <ClCompile Include="..\..\3rdparty\ippicv\ippiw_win\src\iw_image_transform_rotate.c">
      <Filter>ippiw</Filter>
    </ClCompile>
    <ClCompile Include="..\..\3rdparty\ippicv\ippiw_win\src\iw_image_transform_warpaffine.c">
      <Filter>ippiw</Filter>
    </ClCompile>
    <ClCompile Include="..\..\3rdparty\ippicv\ippiw_win\src\iw_own.c">
      <Filter>ippiw</Filter>
    </ClCompile>
    <ClCompile Include="..\..\modules\core\src\utils\filesystem.cpp">
      <Filter>opencv_core\src\utils</Filter>
    </ClCompile>
    <ClCompile Include="..\..\modules\core\src\batch_distance.cpp">
      <Filter>opencv_core\src</Filter>
    </ClCompile>
    <ClCompile Include="..\..\modules\core\src\convert_c.cpp">
      <Filter>opencv_core\src</Filter>
    </ClCompile>
    <ClCompile Include="..\..\modules\core\src\convert_scale.cpp">
      <Filter>opencv_core\src</Filter>
    </ClCompile>
    <ClCompile Include="..\..\modules\core\src\count_non_zero.cpp">
      <Filter>opencv_core\src</Filter>
    </ClCompile>
    <ClCompile Include="..\..\modules\core\src\logger.cpp">
      <Filter>opencv_core\src</Filter>
    </ClCompile>
    <ClCompile Include="..\..\modules\core\src\matrix_c.cpp">
      <Filter>opencv_core\src</Filter>
    </ClCompile>
    <ClCompile Include="..\..\modules\core\src\matrix_expressions.cpp">
      <Filter>opencv_core\src</Filter>
    </ClCompile>
    <ClCompile Include="..\..\modules\core\src\matrix_iterator.cpp">
      <Filter>opencv_core\src</Filter>
    </ClCompile>
    <ClCompile Include="..\..\modules\core\src\matrix_operations.cpp">
      <Filter>opencv_core\src</Filter>
    </ClCompile>
    <ClCompile Include="..\..\modules\core\src\matrix_sparse.cpp">
      <Filter>opencv_core\src</Filter>
    </ClCompile>
    <ClCompile Include="..\..\modules\core\src\matrix_wrap.cpp">
      <Filter>opencv_core\src</Filter>
    </ClCompile>
    <ClCompile Include="..\..\modules\core\src\mean.cpp">
      <Filter>opencv_core\src</Filter>
    </ClCompile>
    <ClCompile Include="..\..\modules\core\src\minmax.cpp">
      <Filter>opencv_core\src</Filter>
    </ClCompile>
    <ClCompile Include="..\..\modules\core\src\norm.cpp">
      <Filter>opencv_core\src</Filter>
    </ClCompile>
    <ClCompile Include="..\..\modules\core\src\parallel_impl.cpp">
      <Filter>opencv_core\src</Filter>
    </ClCompile>
    <ClCompile Include="..\..\modules\core\src\persistence_base64.cpp">
      <Filter>opencv_core\src</Filter>
    </ClCompile>
    <ClCompile Include="..\..\modules\core\src\persistence_c.cpp">
      <Filter>opencv_core\src</Filter>
    </ClCompile>
    <ClCompile Include="..\..\modules\core\src\persistence_cpp.cpp">
      <Filter>opencv_core\src</Filter>
    </ClCompile>
    <ClCompile Include="..\..\modules\core\src\persistence_json.cpp">
      <Filter>opencv_core\src</Filter>
    </ClCompile>
    <ClCompile Include="..\..\modules\core\src\persistence_types.cpp">
      <Filter>opencv_core\src</Filter>
    </ClCompile>
    <ClCompile Include="..\..\modules\core\src\persistence_xml.cpp">
      <Filter>opencv_core\src</Filter>
    </ClCompile>
    <ClCompile Include="..\..\modules\core\src\persistence_yml.cpp">
      <Filter>opencv_core\src</Filter>
    </ClCompile>
    <ClCompile Include="..\..\modules\core\src\stat_c.cpp">
      <Filter>opencv_core\src</Filter>
    </ClCompile>
    <ClCompile Include="..\..\modules\core\src\sum.cpp">
      <Filter>opencv_core\src</Filter>
    </ClCompile>
    <ClCompile Include="..\..\modules\core\src\channels.cpp">
      <Filter>opencv_core\src</Filter>
    </ClCompile>
    <ClCompile Include="..\..\modules\core\src\lut.cpp">
      <Filter>opencv_core\src</Filter>
    </ClCompile>
    <ClCompile Include="..\..\modules\imgproc\src\resize.cpp">
      <Filter>opencv_imgproc\src</Filter>
    </ClCompile>
    <ClCompile Include="..\..\modules\imgproc\src\resize.sse4_1.cpp">
      <Filter>opencv_imgproc\src</Filter>
    </ClCompile>
    <ClCompile Include="..\..\autogen\accum.avx.cpp">
      <Filter>opencv_imgproc\src</Filter>
    </ClCompile>
    <ClCompile Include="..\..\autogen\mathfuncs_core.avx.cpp">
      <Filter>opencv_core\src</Filter>
    </ClCompile>
    <ClCompile Include="..\..\autogen\opencl_kernels_calib3d.cpp">
      <Filter>opencv_calib3d\src\opencl\kernels\autogenerated</Filter>
    </ClCompile>
    <ClCompile Include="..\..\autogen\opencl_kernels_core.cpp">
      <Filter>opencv_core\src\opencl\kernels\autogenerated</Filter>
    </ClCompile>
    <ClCompile Include="..\..\autogen\opencl_kernels_features2d.cpp">
      <Filter>opencv_features2d\src\opencl\autogenerated</Filter>
    </ClCompile>
    <ClCompile Include="..\..\autogen\opencl_kernels_imgproc.cpp">
      <Filter>opencv_imgproc\src\opencl\kernels\autogenerated</Filter>
    </ClCompile>
    <ClCompile Include="..\..\autogen\opencl_kernels_objdetect.cpp">
      <Filter>opencv_objdetect\src\kernels\autogenerated</Filter>
    </ClCompile>
    <ClCompile Include="..\..\autogen\opencl_kernels_photo.cpp">
      <Filter>opencv_photo\src\kernels\autogenerated</Filter>
    </ClCompile>
    <ClCompile Include="..\..\autogen\opencl_kernels_stitching.cpp">
      <Filter>opencv_stitching\src\opencl\kernels\autogenerated</Filter>
    </ClCompile>
    <ClCompile Include="..\..\autogen\opencl_kernels_superres.cpp">
      <Filter>opencv_superres\opencl\kernels\autogenerated</Filter>
    </ClCompile>
    <ClCompile Include="..\..\autogen\opencl_kernels_video.cpp">
      <Filter>opencv_video\src\opencl\kernels\autogenerated</Filter>
    </ClCompile>
    <ClCompile Include="..\..\autogen\stat.sse4_2.cpp">
      <Filter>opencv_core\src</Filter>
    </ClCompile>
  </ItemGroup>
  <ItemGroup>
    <ClInclude Include="..\..\modules\core\src\arithm_core.hpp">
      <Filter>opencv_core\src</Filter>
    </ClInclude>
    <ClInclude Include="..\..\modules\core\src\arithm_simd.hpp">
      <Filter>opencv_core\src</Filter>
    </ClInclude>
    <ClInclude Include="..\..\modules\core\src\bufferpool.impl.hpp">
      <Filter>opencv_core\src</Filter>
    </ClInclude>
    <ClInclude Include="..\..\modules\core\src\directx.inc.hpp">
      <Filter>opencv_core\src</Filter>
    </ClInclude>
    <ClInclude Include="..\..\modules\core\src\gl_core_3_1.hpp">
      <Filter>opencv_core\src</Filter>
    </ClInclude>
    <ClInclude Include="..\..\modules\core\src\hal_internal.hpp">
      <Filter>opencv_core\src</Filter>
    </ClInclude>
    <ClInclude Include="..\..\modules\core\src\hal_replacement.hpp">
      <Filter>opencv_core\src</Filter>
    </ClInclude>
    <ClInclude Include="..\..\modules\core\src\precomp.hpp">
      <Filter>opencv_core\src</Filter>
    </ClInclude>
    <ClInclude Include="..\..\modules\core\src\opencl\runtime\autogenerated\opencl_clamdblas_impl.hpp">
      <Filter>opencv_core\src\opencl\runtime\autogenerated</Filter>
    </ClInclude>
    <ClInclude Include="..\..\modules\core\src\opencl\runtime\autogenerated\opencl_clamdfft_impl.hpp">
      <Filter>opencv_core\src\opencl\runtime\autogenerated</Filter>
    </ClInclude>
    <ClInclude Include="..\..\modules\core\src\opencl\runtime\autogenerated\opencl_core_impl.hpp">
      <Filter>opencv_core\src\opencl\runtime\autogenerated</Filter>
    </ClInclude>
    <ClInclude Include="..\..\modules\core\src\opencl\runtime\autogenerated\opencl_gl_impl.hpp">
      <Filter>opencv_core\src\opencl\runtime\autogenerated</Filter>
    </ClInclude>
    <ClInclude Include="..\..\modules\core\src\opencl\runtime\runtime_common.hpp">
      <Filter>opencv_core\src\opencl\runtime</Filter>
    </ClInclude>
    <ClInclude Include="..\..\modules\imgproc\src\_geom.h">
      <Filter>opencv_imgproc\src</Filter>
    </ClInclude>
    <ClInclude Include="..\..\modules\imgproc\src\filterengine.hpp">
      <Filter>opencv_imgproc\src</Filter>
    </ClInclude>
    <ClInclude Include="..\..\modules\imgproc\src\gcgraph.hpp">
      <Filter>opencv_imgproc\src</Filter>
    </ClInclude>
    <ClInclude Include="..\..\modules\imgproc\src\hal_replacement.hpp">
      <Filter>opencv_imgproc\src</Filter>
    </ClInclude>
    <ClInclude Include="..\..\modules\imgproc\src\precomp.hpp">
      <Filter>opencv_imgproc\src</Filter>
    </ClInclude>
    <ClInclude Include="..\..\modules\flann\src\precomp.hpp">
      <Filter>opencv_flann\src</Filter>
    </ClInclude>
    <ClInclude Include="..\..\modules\video\src\lkpyramid.hpp">
      <Filter>opencv_video\src</Filter>
    </ClInclude>
    <ClInclude Include="..\..\modules\video\src\precomp.hpp">
      <Filter>opencv_video\src</Filter>
    </ClInclude>
    <ClInclude Include="..\..\modules\ml\src\kdtree.hpp">
      <Filter>opencv_ml\src</Filter>
    </ClInclude>
    <ClInclude Include="..\..\modules\ml\src\precomp.hpp">
      <Filter>opencv_ml\src</Filter>
    </ClInclude>
    <ClInclude Include="..\..\modules\photo\src\arrays.hpp">
      <Filter>opencv_photo\src</Filter>
    </ClInclude>
    <ClInclude Include="..\..\modules\photo\src\contrast_preserve.hpp">
      <Filter>opencv_photo\src</Filter>
    </ClInclude>
    <ClInclude Include="..\..\modules\photo\src\fast_nlmeans_denoising_invoker.hpp">
      <Filter>opencv_photo\src</Filter>
    </ClInclude>
    <ClInclude Include="..\..\modules\photo\src\fast_nlmeans_denoising_invoker_commons.hpp">
      <Filter>opencv_photo\src</Filter>
    </ClInclude>
    <ClInclude Include="..\..\modules\photo\src\fast_nlmeans_denoising_opencl.hpp">
      <Filter>opencv_photo\src</Filter>
    </ClInclude>
    <ClInclude Include="..\..\modules\photo\src\fast_nlmeans_multi_denoising_invoker.hpp">
      <Filter>opencv_photo\src</Filter>
    </ClInclude>
    <ClInclude Include="..\..\modules\photo\src\hdr_common.hpp">
      <Filter>opencv_photo\src</Filter>
    </ClInclude>
    <ClInclude Include="..\..\modules\photo\src\npr.hpp">
      <Filter>opencv_photo\src</Filter>
    </ClInclude>
    <ClInclude Include="..\..\modules\photo\src\precomp.hpp">
      <Filter>opencv_photo\src</Filter>
    </ClInclude>
    <ClInclude Include="..\..\modules\photo\src\seamless_cloning.hpp">
      <Filter>opencv_photo\src</Filter>
    </ClInclude>
    <ClInclude Include="..\..\modules\shape\src\emdL1_def.hpp">
      <Filter>opencv_shape\src</Filter>
    </ClInclude>
    <ClInclude Include="..\..\modules\shape\src\precomp.hpp">
      <Filter>opencv_shape\src</Filter>
    </ClInclude>
    <ClInclude Include="..\..\modules\shape\src\scd_def.hpp">
      <Filter>opencv_shape\src</Filter>
    </ClInclude>
    <ClInclude Include="..\..\modules\objdetect\src\cascadedetect.hpp">
      <Filter>opencv_objdetect\src</Filter>
    </ClInclude>
    <ClInclude Include="..\..\modules\objdetect\src\precomp.hpp">
      <Filter>opencv_objdetect\src</Filter>
    </ClInclude>
    <ClInclude Include="..\..\modules\superres\src\input_array_utility.hpp">
      <Filter>opencv_superres</Filter>
    </ClInclude>
    <ClInclude Include="..\..\modules\superres\src\precomp.hpp">
      <Filter>opencv_superres</Filter>
    </ClInclude>
    <ClInclude Include="..\..\modules\superres\src\ring_buffer.hpp">
      <Filter>opencv_superres</Filter>
    </ClInclude>
    <ClInclude Include="..\..\modules\features2d\src\agast_score.hpp">
      <Filter>opencv_features2d\src</Filter>
    </ClInclude>
    <ClInclude Include="..\..\modules\features2d\src\fast_score.hpp">
      <Filter>opencv_features2d\src</Filter>
    </ClInclude>
    <ClInclude Include="..\..\modules\features2d\src\precomp.hpp">
      <Filter>opencv_features2d\src</Filter>
    </ClInclude>
    <ClInclude Include="..\..\modules\features2d\src\kaze\AKAZEConfig.h">
      <Filter>opencv_features2d\src\kaze</Filter>
    </ClInclude>
    <ClInclude Include="..\..\modules\features2d\src\kaze\AKAZEFeatures.h">
      <Filter>opencv_features2d\src\kaze</Filter>
    </ClInclude>
    <ClInclude Include="..\..\modules\features2d\src\kaze\fed.h">
      <Filter>opencv_features2d\src\kaze</Filter>
    </ClInclude>
    <ClInclude Include="..\..\modules\features2d\src\kaze\KAZEConfig.h">
      <Filter>opencv_features2d\src\kaze</Filter>
    </ClInclude>
    <ClInclude Include="..\..\modules\features2d\src\kaze\KAZEFeatures.h">
      <Filter>opencv_features2d\src\kaze</Filter>
    </ClInclude>
    <ClInclude Include="..\..\modules\features2d\src\kaze\nldiffusion_functions.h">
      <Filter>opencv_features2d\src\kaze</Filter>
    </ClInclude>
    <ClInclude Include="..\..\modules\features2d\src\kaze\TEvolution.h">
      <Filter>opencv_features2d\src\kaze</Filter>
    </ClInclude>
    <ClInclude Include="..\..\modules\features2d\src\kaze\utils.h">
      <Filter>opencv_features2d\src\kaze</Filter>
    </ClInclude>
    <ClInclude Include="..\..\modules\calib3d\src\circlesgrid.hpp">
      <Filter>opencv_calib3d\src</Filter>
    </ClInclude>
    <ClInclude Include="..\..\modules\calib3d\src\dls.h">
      <Filter>opencv_calib3d\src</Filter>
    </ClInclude>
    <ClInclude Include="..\..\modules\calib3d\src\epnp.h">
      <Filter>opencv_calib3d\src</Filter>
    </ClInclude>
    <ClInclude Include="..\..\modules\calib3d\src\fisheye.hpp">
      <Filter>opencv_calib3d\src</Filter>
    </ClInclude>
    <ClInclude Include="..\..\modules\calib3d\src\p3p.h">
      <Filter>opencv_calib3d\src</Filter>
    </ClInclude>
    <ClInclude Include="..\..\modules\calib3d\src\polynom_solver.h">
      <Filter>opencv_calib3d\src</Filter>
    </ClInclude>
    <ClInclude Include="..\..\modules\calib3d\src\precomp.hpp">
      <Filter>opencv_calib3d\src</Filter>
    </ClInclude>
    <ClInclude Include="..\..\modules\calib3d\src\rho.h">
      <Filter>opencv_calib3d\src</Filter>
    </ClInclude>
    <ClInclude Include="..\..\modules\calib3d\src\upnp.h">
      <Filter>opencv_calib3d\src</Filter>
    </ClInclude>
    <ClInclude Include="..\..\modules\stitching\src\precomp.hpp">
      <Filter>opencv_stitching\src</Filter>
    </ClInclude>
    <ClInclude Include="..\..\modules\stitching\src\util_log.hpp">
      <Filter>opencv_stitching\src</Filter>
    </ClInclude>
    <ClInclude Include="..\..\modules\videostab\src\clp.hpp">
      <Filter>opencv_videostab\src</Filter>
    </ClInclude>
    <ClInclude Include="..\..\modules\videostab\src\precomp.hpp">
      <Filter>opencv_videostab\src</Filter>
    </ClInclude>
    <ClInclude Include="..\..\autogen\opencl_kernels_calib3d.hpp">
      <Filter>opencv_calib3d\src\opencl\kernels\autogenerated</Filter>
    </ClInclude>
    <ClInclude Include="..\..\autogen\opencl_kernels_core.hpp">
      <Filter>opencv_core\src\opencl\kernels\autogenerated</Filter>
    </ClInclude>
    <ClInclude Include="..\..\autogen\opencl_kernels_features2d.hpp">
      <Filter>opencv_features2d\src\opencl\autogenerated</Filter>
    </ClInclude>
    <ClInclude Include="..\..\autogen\opencl_kernels_imgproc.hpp">
      <Filter>opencv_imgproc\src\opencl\kernels\autogenerated</Filter>
    </ClInclude>
    <ClInclude Include="..\..\autogen\opencl_kernels_objdetect.hpp">
      <Filter>opencv_objdetect\src\kernels\autogenerated</Filter>
    </ClInclude>
    <ClInclude Include="..\..\autogen\opencl_kernels_photo.hpp">
      <Filter>opencv_photo\src\kernels\autogenerated</Filter>
    </ClInclude>
    <ClInclude Include="..\..\autogen\opencl_kernels_stitching.hpp">
      <Filter>opencv_stitching\src\opencl\kernels\autogenerated</Filter>
    </ClInclude>
    <ClInclude Include="..\..\autogen\opencl_kernels_superres.hpp">
      <Filter>opencv_superres\opencl\kernels\autogenerated</Filter>
    </ClInclude>
    <ClInclude Include="..\..\autogen\opencl_kernels_video.hpp">
      <Filter>opencv_video\src\opencl\kernels\autogenerated</Filter>
    </ClInclude>
  </ItemGroup>
  <ItemGroup>
    <None Include="..\..\modules\core\version_string.inc">
      <Filter>opencv_core\src</Filter>
    </None>
    <None Include="..\..\modules\video\src\opencl\bgfg_mog2.cl">
      <Filter>opencv_video\src\opencl\kernels</Filter>
    </None>
    <None Include="..\..\modules\video\src\opencl\optical_flow_farneback.cl">
      <Filter>opencv_video\src\opencl\kernels</Filter>
    </None>
    <None Include="..\..\modules\video\src\opencl\optical_flow_tvl1.cl">
      <Filter>opencv_video\src\opencl\kernels</Filter>
    </None>
    <None Include="..\..\modules\video\src\opencl\pyrlk.cl">
      <Filter>opencv_video\src\opencl\kernels</Filter>
    </None>
    <None Include="..\..\modules\photo\src\opencl\nlmeans.cl">
      <Filter>opencv_photo\src\kernels</Filter>
    </None>
    <None Include="..\..\modules\objdetect\src\opencl\cascadedetect.cl">
      <Filter>opencv_objdetect\src\kernels</Filter>
    </None>
    <None Include="..\..\modules\objdetect\src\opencl\objdetect_hog.cl">
      <Filter>opencv_objdetect\src\kernels</Filter>
    </None>
    <None Include="..\..\modules\superres\src\opencl\superres_btvl1.cl">
      <Filter>opencv_superres\opencl\kernels</Filter>
    </None>
    <None Include="..\..\modules\stitching\src\opencl\multibandblend.cl">
      <Filter>opencv_stitching\src\opencl\kernels</Filter>
    </None>
    <None Include="..\..\modules\stitching\src\opencl\warpers.cl">
      <Filter>opencv_stitching\src\opencl\kernels</Filter>
    </None>
  </ItemGroup>
</Project>