
Microsoft Visual Studio Solution File, Format Version 12.00
# Visual Studio 15
VisualStudioVersion = 15.0.27130.2026
MinimumVisualStudioVersion = 10.0.40219.1
Project("{8BC9CEB8-8B4A-11D0-8D11-00A0C91BC942}") = "protobuf", "protobuf.vcxproj", "{E0541061-314D-4B60-A082-8783F322E1C3}"
EndProject
Global
	GlobalSection(SolutionConfigurationPlatforms) = preSolution
		Release|x64 = Release|x64
		Release|x86 = Release|x86
	EndGlobalSection
	GlobalSection(ProjectConfigurationPlatforms) = postSolution
		{E0541061-314D-4B60-A082-8783F322E1C3}.Release|x64.ActiveCfg = Release|x64
		{E0541061-314D-4B60-A082-8783F322E1C3}.Release|x64.Build.0 = Release|x64
		{E0541061-314D-4B60-A082-8783F322E1C3}.Release|x86.ActiveCfg = Release|Win32
		{E0541061-314D-4B60-A082-8783F322E1C3}.Release|x86.Build.0 = Release|Win32
	EndGlobalSection
	GlobalSection(SolutionProperties) = preSolution
		HideSolutionNode = FALSE
	EndGlobalSection
	GlobalSection(ExtensibilityGlobals) = postSolution
		SolutionGuid = {F8D6BDCD-82A7-42D8-A04C-7DA0B799526F}
	EndGlobalSection
EndGlobal
